
Microsoft Visual Studio Solution File, Format Version 12.00
# Visual Studio Version 17
VisualStudioVersion = 17.14.36109.1
MinimumVisualStudioVersion = 10.0.40219.1
Project("{8BC9CEB8-8B4A-11D0-8D11-00A0C91BC942}") = "Fundamentals_CPP", "Fundamentals_CPP\Fundamentals_CPP.vcxproj", "{5C7707FD-4584-4E9C-8EA0-4F627B54B3CE}"
EndProject
Project("{8BC9CEB8-8B4A-11D0-8D11-00A0C91BC942}") = "ReverseBits", "ReverseBits\ReverseBits.vcxproj", "{71F68CE2-1DA0-4EAD-9AB7-DA0EC0DEB1AE}"
EndProject
Project("{8BC9CEB8-8B4A-11D0-8D11-00A0C91BC942}") = "NumberOf1Bits", "NumberOf1Bits\NumberOf1Bits.vcxproj", "{435B4472-091C-4828-90C4-C3C129F0DB3E}"
EndProject
Project("{8BC9CEB8-8B4A-11D0-8D11-00A0C91BC942}") = "HappyNumber", "HappyNumber\HappyNumber.vcxproj", "{7958C8C6-7465-4F6A-8C32-BA1FE994AA21}"
EndProject
Project("{8BC9CEB8-8B4A-11D0-8D11-00A0C91BC942}") = "DataStructures", "DataStructures\DataStructures.vcxproj", "{43850953-EDFC-4838-882D-CE3F94A9D2A0}"
EndProject
Project("{8BC9CEB8-8B4A-11D0-8D11-00A0C91BC942}") = "RemoveLinkedListElements", "RemoveLinkedListElements\RemoveLinkedListElements.vcxproj", "{50802DE8-A698-406A-95FC-9C7AEF7A4976}"
EndProject
Project("{8BC9CEB8-8B4A-11D0-8D11-00A0C91BC942}") = "IsomorphicStrings", "IsomorphicStrings\IsomorphicStrings.vcxproj", "{7A0CFB8D-0619-442F-B11D-48D6CF6763C2}"
EndProject
Project("{8BC9CEB8-8B4A-11D0-8D11-00A0C91BC942}") = "ReverseLinkedList", "ReverseLinkedList\ReverseLinkedList.vcxproj", "{96CB0EFB-9BB7-420F-9875-0C4B130EDE6C}"
EndProject
Project("{8BC9CEB8-8B4A-11D0-8D11-00A0C91BC942}") = "ContainsDuplicate", "ContainsDuplicate\ContainsDuplicate.vcxproj", "{42587747-A7D4-437D-930A-F4F09189FD57}"
EndProject
Project("{8BC9CEB8-8B4A-11D0-8D11-00A0C91BC942}") = "CountCompleteTreeNodes", "CountCompleteTreeNodes\CountCompleteTreeNodes.vcxproj", "{556C9373-C787-4D04-8AA4-3501226B2CE9}"
EndProject
Project("{8BC9CEB8-8B4A-11D0-8D11-00A0C91BC942}") = "ImplementAStackUsingQueue", "ImplementAStackUsingQueue\ImplementAStackUsingQueue.vcxproj", "{9029F80C-C884-4979-A625-73713AB3497E}"
EndProject
Project("{8BC9CEB8-8B4A-11D0-8D11-00A0C91BC942}") = "PowerOfTwo", "PowerOfTwo\PowerOfTwo.vcxproj", "{D426F906-ED44-46BC-9C43-8354D207FEC5}"
EndProject
Project("{8BC9CEB8-8B4A-11D0-8D11-00A0C91BC942}") = "InvertABinaryTree", "InvertABinaryTree\InvertABinaryTree.vcxproj", "{F80DE07C-4AFA-4049-837D-3E9F81DEFA92}"
EndProject
Project("{8BC9CEB8-8B4A-11D0-8D11-00A0C91BC942}") = "BestTimeToBuyAndSellStock", "BestTimeToBuyAndSellStock\BestTimeToBuyAndSellStock.vcxproj", "{9C70576E-635F-46E9-853C-FAE216BC4596}"
EndProject
Project("{8BC9CEB8-8B4A-11D0-8D11-00A0C91BC942}") = "SummaryRanges", "SummaryRanges\SummaryRanges.vcxproj", "{477DEFC0-E5D7-4C11-9806-06E498436B19}"
EndProject
Project("{8BC9CEB8-8B4A-11D0-8D11-00A0C91BC942}") = "ImplementQueueUsingStacks", "ImplementQueueUsingStacks\ImplementQueueUsingStacks.vcxproj", "{B7CEFE30-DB1B-4AC5-8EAB-4A3C1A2209A6}"
EndProject
Project("{8BC9CEB8-8B4A-11D0-8D11-00A0C91BC942}") = "PalindromeLinkedList", "PalindromeLinkedList\PalindromeLinkedList.vcxproj", "{69C6A606-C88E-4F7C-928D-6A9F62E799D1}"
EndProject
Project("{8BC9CEB8-8B4A-11D0-8D11-00A0C91BC942}") = "ValidAnagram", "ValidAnagram\ValidAnagram.vcxproj", "{2FBC6B23-F831-48CC-929A-7ED9A53FC865}"
EndProject
Project("{8BC9CEB8-8B4A-11D0-8D11-00A0C91BC942}") = "FindTheOriginalTypedString1", "FindTheOriginalTypedString1\FindTheOriginalTypedString1.vcxproj", "{B9A28FA9-B85D-472B-9BF6-9CAF516EC80E}"
EndProject
Project("{8BC9CEB8-8B4A-11D0-8D11-00A0C91BC942}") = "FindTheOriginalTypedString2", "FindTheOriginalTypedString2\FindTheOriginalTypedString2.vcxproj", "{2E4CCF36-5348-400A-93C9-9ADECFF1E4BC}"
EndProject
Project("{8BC9CEB8-8B4A-11D0-8D11-00A0C91BC942}") = "BinaryTreePaths", "BinaryTreePaths\BinaryTreePaths.vcxproj", "{56B9C456-6663-4F75-BDBD-22F8C376E0B7}"
EndProject
Project("{8BC9CEB8-8B4A-11D0-8D11-00A0C91BC942}") = "AddDigits", "AddDigits\AddDigits.vcxproj", "{6D027799-6A11-4430-B6E1-F7FA83BB798A}"
EndProject
Project("{8BC9CEB8-8B4A-11D0-8D11-00A0C91BC942}") = "FindTheKthChararcterInStringGame1", "FindTheKthChararcterInStringGame1\FindTheKthChararcterInStringGame1.vcxproj", "{0FE97D0A-4F2D-4FD0-BD0D-F1182AE676EF}"
EndProject
Project("{8BC9CEB8-8B4A-11D0-8D11-00A0C91BC942}") = "UglyNumber", "UglyNumber\UglyNumber.vcxproj", "{E845EA35-833A-4AC5-BF30-60FA55B039B4}"
EndProject
Project("{8BC9CEB8-8B4A-11D0-8D11-00A0C91BC942}") = "MissingNumber", "MissingNumber\MissingNumber.vcxproj", "{2C5D72E0-595B-4E4F-9D32-9D1033980F70}"
EndProject
Project("{8BC9CEB8-8B4A-11D0-8D11-00A0C91BC942}") = "FindTheKthCharacterInStringGame2", "FindTheKthCharacterInStringGame2\FindTheKthCharacterInStringGame2.vcxproj", "{CE09E58A-9D22-4FC0-82E5-337B277F12F7}"
EndProject
Project("{8BC9CEB8-8B4A-11D0-8D11-00A0C91BC942}") = "FirstBadVersion", "FirstBadVersion\FirstBadVersion.vcxproj", "{37781727-5F20-42AC-A9F3-EDBE2F021E75}"
EndProject
Project("{8BC9CEB8-8B4A-11D0-8D11-00A0C91BC942}") = "MoveZeroes", "MoveZeroes\MoveZeroes.vcxproj", "{3181A70B-7BE8-4F04-A647-0FA81DA2D3AC}"
EndProject
Project("{8BC9CEB8-8B4A-11D0-8D11-00A0C91BC942}") = "WordPattern", "WordPattern\WordPattern.vcxproj", "{0322D2CF-BC0A-4D5B-AAD4-F85B9C22B6C5}"
EndProject
Project("{8BC9CEB8-8B4A-11D0-8D11-00A0C91BC942}") = "FindLuckyNumberInAnArray", "FindLuckyNumberInAnArray\FindLuckyNumberInAnArray.vcxproj", "{BDE0ED9A-80CC-48C7-B283-241D73C6FCF1}"
EndProject
Project("{8BC9CEB8-8B4A-11D0-8D11-00A0C91BC942}") = "NimGame", "NimGame\NimGame.vcxproj", "{302F5D4D-499F-47BC-8E55-F4995ACCCF2E}"
EndProject
Project("{8BC9CEB8-8B4A-11D0-8D11-00A0C91BC942}") = "RangeSumQuery_Immutable", "RangeSumQuery_Immutable\RangeSumQuery_Immutable.vcxproj", "{A9C4A9D9-0CC0-4C35-A1E1-D71CC976EAAD}"
EndProject
Project("{8BC9CEB8-8B4A-11D0-8D11-00A0C91BC942}") = "FindingPairsWithaCertainSum", "FindingPairsWithaCertainSum\FindingPairsWithaCertainSum.vcxproj", "{AFBF93FB-3370-47EC-AA31-590799E32F99}"
EndProject
Project("{8BC9CEB8-8B4A-11D0-8D11-00A0C91BC942}") = "PowerOfThree", "PowerOfThree\PowerOfThree.vcxproj", "{59AB5546-4379-4A4B-B3C4-045B9C650E15}"
EndProject
Project("{8BC9CEB8-8B4A-11D0-8D11-00A0C91BC942}") = "MaximumNumberOfEventsThatCanBeAttended", "MaximumNumberOfEventsThatCanBeAttended\MaximumNumberOfEventsThatCanBeAttended.vcxproj", "{0BE94B2D-269C-4AC9-982E-27D409C58030}"
EndProject
Project("{8BC9CEB8-8B4A-11D0-8D11-00A0C91BC942}") = "CountingBits", "CountingBits\CountingBits.vcxproj", "{04801B97-2271-442B-B8DC-5FF007CA79E6}"
EndProject
Project("{8BC9CEB8-8B4A-11D0-8D11-00A0C91BC942}") = "PowerOfFour", "PowerOfFour\PowerOfFour.vcxproj", "{0826DAC4-D2E8-4962-B841-12D2C84D16CC}"
EndProject
Project("{8BC9CEB8-8B4A-11D0-8D11-00A0C91BC942}") = "MaximumNumberOfEventsThatCanBeAttended2", "MaximumNumberOfEventsThatCanBeAttended2\MaximumNumberOfEventsThatCanBeAttended2.vcxproj", "{98854543-11D7-4974-B114-03563E7698DD}"
EndProject
Project("{8BC9CEB8-8B4A-11D0-8D11-00A0C91BC942}") = "RescheduleMeetingsForMaxFreeTime1", "RescheduleMeetingsForMaxFreeTime1\RescheduleMeetingsForMaxFreeTime1.vcxproj", "{42515414-C14A-496C-8E1C-C18E3C125E07}"
EndProject
Project("{8BC9CEB8-8B4A-11D0-8D11-00A0C91BC942}") = "RescheduleMeetingsForMaxFreeTime2", "RescheduleMeetingsForMaxFreeTime2\RescheduleMeetingsForMaxFreeTime2.vcxproj", "{1D75B6BF-A657-4181-B375-1E2DDA80A9A2}"
EndProject
Project("{8BC9CEB8-8B4A-11D0-8D11-00A0C91BC942}") = "ReverseString_2Pointers", "ReverseString_2Pointers\ReverseString_2Pointers.vcxproj", "{E0BF0EB2-5FFC-4A0B-B59D-E7E52798E5DE}"
EndProject
Project("{8BC9CEB8-8B4A-11D0-8D11-00A0C91BC942}") = "ReverseVowelsOfAString", "ReverseVowelsOfAString\ReverseVowelsOfAString.vcxproj", "{71D5C5DC-8067-400A-89A9-B1E5EEE7567D}"
EndProject
Project("{8BC9CEB8-8B4A-11D0-8D11-00A0C91BC942}") = "IntersectionOfTwoArrays", "IntersectionOfTwoArrays\IntersectionOfTwoArrays.vcxproj", "{C8C0F39A-A945-4915-9AFC-B3D8FC46CAE9}"
EndProject
Project("{8BC9CEB8-8B4A-11D0-8D11-00A0C91BC942}") = "ConvertBinaryNumberInALinkedListToInteger", "ConvertBinaryNumberInALinkedListToInteger\ConvertBinaryNumberInALinkedListToInteger.vcxproj", "{42090EAC-E9AB-41D9-A6EB-8F2656ED6210}"
EndProject
Project("{8BC9CEB8-8B4A-11D0-8D11-00A0C91BC942}") = "ValidWord", "ValidWord\ValidWord.vcxproj", "{29549B46-7866-455E-86D4-EBEB092FB6DE}"
EndProject
Project("{8BC9CEB8-8B4A-11D0-8D11-00A0C91BC942}") = "FindTheMaximumLengthOfValidSubsequent1", "FindTheMaximumLengthOfValidSubsequent1\FindTheMaximumLengthOfValidSubsequent1.vcxproj", "{ECFFA81E-4658-4A7D-AE63-4E24960FE17F}"
EndProject
Project("{8BC9CEB8-8B4A-11D0-8D11-00A0C91BC942}") = "IntersectionOfTwoArrays2", "IntersectionOfTwoArrays2\IntersectionOfTwoArrays2.vcxproj", "{ACD6878F-0B75-41E5-B671-58A4E1F5693E}"
EndProject
Project("{8BC9CEB8-8B4A-11D0-8D11-00A0C91BC942}") = "ValidPerfectSquare", "ValidPerfectSquare\ValidPerfectSquare.vcxproj", "{69B15F55-4F82-442E-A729-62E4DF62A5B3}"
EndProject
Project("{8BC9CEB8-8B4A-11D0-8D11-00A0C91BC942}") = "GuessNumberHigherOrLower", "GuessNumberHigherOrLower\GuessNumberHigherOrLower.vcxproj", "{05A0D838-C1BB-49E7-AD52-BD45F281FA8D}"
EndProject
Project("{8BC9CEB8-8B4A-11D0-8D11-00A0C91BC942}") = "RansomNote", "RansomNote\RansomNote.vcxproj", "{E21E8021-9CD6-4FD0-808B-DA9421638CB1}"
EndProject
Project("{8BC9CEB8-8B4A-11D0-8D11-00A0C91BC942}") = "FirstUniqueCharacterInAString", "FirstUniqueCharacterInAString\FirstUniqueCharacterInAString.vcxproj", "{EB017D2E-C2DD-429A-90BB-8AE94A07E6B7}"
EndProject
Project("{8BC9CEB8-8B4A-11D0-8D11-00A0C91BC942}") = "RemoveSubfoldersFromTheFilesystem", "RemoveSubfoldersFromTheFilesystem\RemoveSubfoldersFromTheFilesystem.vcxproj", "{411DE713-95DC-4E96-9ACB-817DB42DFDAA}"
EndProject
Project("{8BC9CEB8-8B4A-11D0-8D11-00A0C91BC942}") = "FindTheDifference", "FindTheDifference\FindTheDifference.vcxproj", "{13B5AEEA-0EF1-4C8B-B074-3AC90B83004E}"
EndProject
Project("{8BC9CEB8-8B4A-11D0-8D11-00A0C91BC942}") = "DeleteDuplicateFoldersInSystem", "DeleteDuplicateFoldersInSystem\DeleteDuplicateFoldersInSystem.vcxproj", "{EA6F69A9-4CCD-4C18-AFB3-3EE8082E9CF5}"
EndProject
Project("{8BC9CEB8-8B4A-11D0-8D11-00A0C91BC942}") = "IsSubsequence", "IsSubsequence\IsSubsequence.vcxproj", "{EED56300-B1E8-4413-9F27-0C790E371D77}"
EndProject
Project("{8BC9CEB8-8B4A-11D0-8D11-00A0C91BC942}") = "DeleteCharactersToMakeFancyString", "DeleteCharactersToMakeFancyString\DeleteCharactersToMakeFancyString.vcxproj", "{0AAF92F1-B806-4134-A274-87CF81BAFF86}"
EndProject
Project("{8BC9CEB8-8B4A-11D0-8D11-00A0C91BC942}") = "SumOfLeftLeaves", "SumOfLeftLeaves\SumOfLeftLeaves.vcxproj", "{9108AD8C-55C4-4E01-9E31-6009DE9F4BA7}"
EndProject
Project("{8BC9CEB8-8B4A-11D0-8D11-00A0C91BC942}") = "MaximumErasureValue", "MaximumErasureValue\MaximumErasureValue.vcxproj", "{51A129D6-B41D-4BEB-B99F-0D22BF76939B}"
EndProject
Project("{8BC9CEB8-8B4A-11D0-8D11-00A0C91BC942}") = "MaximumUniqueSubarraySumAfterDeletion", "MaximumUniqueSubarraySumAfterDeletion\MaximumUniqueSubarraySumAfterDeletion.vcxproj", "{CBA031E9-40BE-4C3C-918E-14C4027A877A}"
EndProject
Project("{8BC9CEB8-8B4A-11D0-8D11-00A0C91BC942}") = "BinaryWatch", "BinaryWatch\BinaryWatch.vcxproj", "{459D2050-2452-4574-A543-4055C8D45614}"
EndProject
Project("{8BC9CEB8-8B4A-11D0-8D11-00A0C91BC942}") = "ConvertANumberToHexaDecimal", "ConvertANumberToHexaDecimal\ConvertANumberToHexaDecimal.vcxproj", "{F1B04B81-E5F6-4B80-8866-DAFE63B40CBF}"
EndProject
Project("{8BC9CEB8-8B4A-11D0-8D11-00A0C91BC942}") = "LongestPalindrome", "LongestPalindrome\LongestPalindrome.vcxproj", "{D346CB4D-7BEC-4D0B-9A0D-3CA24A8C2DBF}"
EndProject
Project("{8BC9CEB8-8B4A-11D0-8D11-00A0C91BC942}") = "FizzBuzz", "FizzBuzz\FizzBuzz.vcxproj", "{DD98CDBF-015A-4D6A-8759-F436ACA37E1F}"
EndProject
Project("{8BC9CEB8-8B4A-11D0-8D11-00A0C91BC942}") = "ConvertIntegertotheSumofTwoNoZeroIntegers", "ConvertIntegertotheSumofTwoNoZeroIntegers\ConvertIntegertotheSumofTwoNoZeroIntegers.vcxproj", "{32B5A9E0-D01A-4D6C-BC6C-8D98BB529A9D}"
EndProject
Project("{8BC9CEB8-8B4A-11D0-8D11-00A0C91BC942}") = "FruitsIntoBaskets2", "FruitsIntoBaskets2\FruitsIntoBaskets2.vcxproj", "{45840F28-5297-4A7D-B98E-A80EACCE1086}"
EndProject
Project("{8BC9CEB8-8B4A-11D0-8D11-00A0C91BC942}") = "Largest3SameDigitInString", "Largest3SameDigitInString\Largest3SameDigitInString.vcxproj", "{D204B3AE-5A7C-49C4-A996-6F9914807B36}"
EndProject
Project("{8BC9CEB8-8B4A-11D0-8D11-00A0C91BC942}") = "SortVowelsInAString", "SortVowelsInAString\SortVowelsInAString.vcxproj", "{2BD27725-078D-44A5-858A-F0A29771F3A4}"
EndProject
Project("{8BC9CEB8-8B4A-11D0-8D11-00A0C91BC942}") = "AverageSalaryExcludingtheMinandMaxSalaray", "AverageSalaryExcludingtheMinandMaxSalaray\AverageSalaryExcludingtheMinandMaxSalaray.vcxproj", "{02D37050-61BE-4BE2-B8F3-E775EFDDD06F}"
EndProject
Project("{8BC9CEB8-8B4A-11D0-8D11-00A0C91BC942}") = "MaximumNumberOfWordsYouCanType", "MaximumNumberOfWordsYouCanType\MaximumNumberOfWordsYouCanType.vcxproj", "{6989FB09-D8BA-45C1-AA04-A7414AEAE86D}"
EndProject
Project("{8BC9CEB8-8B4A-11D0-8D11-00A0C91BC942}") = "CountElementsWithMaximumFrequency", "CountElementsWithMaximumFrequency\CountElementsWithMaximumFrequency.vcxproj", "{02A7FD0E-25E1-4681-B1F0-17C138FF8EC2}"
EndProject
Project("{8BC9CEB8-8B4A-11D0-8D11-00A0C91BC942}") = "AdjacentIncreasingSubarraysDetection1", "AdjacentIncreasingSubarraysDetection1\AdjacentIncreasingSubarraysDetection1.vcxproj", "{CE136175-784B-4CB5-A9C6-6C90EB1CBB6C}"
EndProject
Project("{8BC9CEB8-8B4A-11D0-8D11-00A0C91BC942}") = "VowelsGameInAString", "VowelsGameInAString\VowelsGameInAString.vcxproj", "{818DE070-5836-4D00-86E1-9D9E315AA5F5}"
EndProject
Project("{8BC9CEB8-8B4A-11D0-8D11-00A0C91BC942}") = "SmallestMissingNonNegativeIntegerAfterOperations", "SmallestMissingNonNegativeIntegerAfterOperations\SmallestMissingNonNegativeIntegerAfterOperations.vcxproj", "{550D8057-3C39-4A8C-B8B8-AE91C6E1E598}"
EndProject
Project("{8BC9CEB8-8B4A-11D0-8D11-00A0C91BC942}") = "FinalValueOfVariableAfterPerformingOperations", "FinalValueOfVariableAfterPerformingOperations\FinalValueOfVariableAfterPerformingOperations.vcxproj", "{3A92A596-1616-48CA-93A9-1C89FBD06BC5}"
EndProject
Project("{8BC9CEB8-8B4A-11D0-8D11-00A0C91BC942}") = "CheckIfDigitsAreEqualInStringAfterOperations1", "CheckIfDigitsAreEqualInStringAfterOperations1\CheckIfDigitsAreEqualInStringAfterOperations1.vcxproj", "{8F4B162C-E974-4656-84EC-6EF61CF0BB15}"
EndProject
Project("{8BC9CEB8-8B4A-11D0-8D11-00A0C91BC942}") = "NextGreaterNumericallyBalancedNumber", "NextGreaterNumericallyBalancedNumber\NextGreaterNumericallyBalancedNumber.vcxproj", "{92D9EF6E-FE8F-48F8-A0D4-D71A1772E972}"
EndProject
Project("{8BC9CEB8-8B4A-11D0-8D11-00A0C91BC942}") = "NumberOfLaserBeamsInABank", "NumberOfLaserBeamsInABank\NumberOfLaserBeamsInABank.vcxproj", "{AAD3F04A-2DE4-4C2A-BE12-6466830D0B2A}"
EndProject
Project("{8BC9CEB8-8B4A-11D0-8D11-00A0C91BC942}") = "MakeArrayElementsEqualToZero", "MakeArrayElementsEqualToZero\MakeArrayElementsEqualToZero.vcxproj", "{C33E35C6-884F-4463-9758-7D9205B91F79}"
EndProject
Project("{8BC9CEB8-8B4A-11D0-8D11-00A0C91BC942}") = "SmallestNumberWithAllSetBits", "SmallestNumberWithAllSetBits\SmallestNumberWithAllSetBits.vcxproj", "{CB392427-81AF-481B-A85E-58B5B4B45952}"
EndProject
Project("{8BC9CEB8-8B4A-11D0-8D11-00A0C91BC942}") = "MinimumNumberOfIncrementsOnSubarraysToFormATargetArray", "MinimumNumberOfIncrementsOnSubarraysToFormATargetArray\MinimumNumberOfIncrementsOnSubarraysToFormATargetArray.vcxproj", "{7BAE0612-5E03-49F2-B2D5-9378A158DCA5}"
EndProject
Project("{8BC9CEB8-8B4A-11D0-8D11-00A0C91BC942}") = "TheTwoSneakyNumbersOfDigitville", "TheTwoSneakyNumbersOfDigitville\TheTwoSneakyNumbersOfDigitville.vcxproj", "{FC1703A3-3390-4998-8BBF-ED0D4880F1DC}"
EndProject
Project("{8BC9CEB8-8B4A-11D0-8D11-00A0C91BC942}") = "DeleteNodesFromLinkedListPresentInArray", "DeleteNodesFromLinkedListPresentInArray\DeleteNodesFromLinkedListPresentInArray.vcxproj", "{C58D9F43-68E8-42D3-9411-EE61B6AD1713}"
EndProject
Project("{8BC9CEB8-8B4A-11D0-8D11-00A0C91BC942}") = "CountUnguardedCellsInTheGrid", "CountUnguardedCellsInTheGrid\CountUnguardedCellsInTheGrid.vcxproj", "{DA895DD8-75F0-4B4D-A8F4-B1AE504E18F6}"
EndProject
Project("{8BC9CEB8-8B4A-11D0-8D11-00A0C91BC942}") = "MinimumTimeToMakeRopeColorful", "MinimumTimeToMakeRopeColorful\MinimumTimeToMakeRopeColorful.vcxproj", "{36E12344-1073-4058-9685-423B572B1EC2}"
EndProject
Project("{8BC9CEB8-8B4A-11D0-8D11-00A0C91BC942}") = "MinimumOneBitOperationsToMakeIntegersZero", "MinimumOneBitOperationsToMakeIntegersZero\MinimumOneBitOperationsToMakeIntegersZero.vcxproj", "{1D24BBFC-692D-4371-92B2-16573D56B69B}"
EndProject
Project("{8BC9CEB8-8B4A-11D0-8D11-00A0C91BC942}") = "CountOperationsToObtainZero", "CountOperationsToObtainZero\CountOperationsToObtainZero.vcxproj", "{7A6C002D-FC79-4387-8049-BB9AA2E3BD51}"
EndProject
Project("{8BC9CEB8-8B4A-11D0-8D11-00A0C91BC942}") = "MinimumOperationsToConvertAllElementsToZero", "MinimumOperationsToConvertAllElementsToZero\MinimumOperationsToConvertAllElementsToZero.vcxproj", "{398B9385-5983-44CB-925F-F45CB8C3329D}"
EndProject
Project("{8BC9CEB8-8B4A-11D0-8D11-00A0C91BC942}") = "OnesAndZeros", "OnesAndZeros\OnesAndZeros.vcxproj", "{1B55E77D-01DD-478F-8432-36A09FEF3035}"
EndProject
Project("{8BC9CEB8-8B4A-11D0-8D11-00A0C91BC942}") = "MinimumNumberOfOperationsToMakeAllArrayElementsEqualTo1", "MinimumNumberOfOperationsToMakeAllArrayElementsEqualTo1\MinimumNumberOfOperationsToMakeAllArrayElementsEqualTo1.vcxproj", "{32459804-135D-4C23-8777-C4BDA8BB21C2}"
EndProject
Project("{8BC9CEB8-8B4A-11D0-8D11-00A0C91BC942}") = "MaximumNumberOfOperationsToMoveOnesToTheEnd", "MaximumNumberOfOperationsToMoveOnesToTheEnd\MaximumNumberOfOperationsToMoveOnesToTheEnd.vcxproj", "{F7CD3792-D2F2-4C3B-A6A9-4E50C77572A6}"
EndProject
Project("{8BC9CEB8-8B4A-11D0-8D11-00A0C91BC942}") = "IncrementSubmatricesByOne", "IncrementSubmatricesByOne\IncrementSubmatricesByOne.vcxproj", "{1E5BFBEA-7303-4CC0-9727-8D6151B45B93}"
EndProject
Project("{8BC9CEB8-8B4A-11D0-8D11-00A0C91BC942}") = "CountTheNumberOfSubstringsWithDominantOnes", "CountTheNumberOfSubstringsWithDominantOnes\CountTheNumberOfSubstringsWithDominantOnes.vcxproj", "{130EE47E-1AFA-47DE-B422-2D65CBA07A56}"
EndProject
Project("{8BC9CEB8-8B4A-11D0-8D11-00A0C91BC942}") = "NumberOfSubstringsWithOnly1s", "NumberOfSubstringsWithOnly1s\NumberOfSubstringsWithOnly1s.vcxproj", "{22F75036-7BC4-422F-AEF4-091A858007F4}"
EndProject
Project("{8BC9CEB8-8B4A-11D0-8D11-00A0C91BC942}") = "CheckIfAll1sAreAtLeastLengthKPlacesAway", "CheckIfAll1sAreAtLeastLengthKPlacesAway\CheckIfAll1sAreAtLeastLengthKPlacesAway.vcxproj", "{C218C3BC-9A7D-4C4D-8D08-C5914AF1D1DE}"
EndProject
Project("{8BC9CEB8-8B4A-11D0-8D11-00A0C91BC942}") = "1-bitAnd2-bitCharacters", "1-bitAnd2-bitCharacters\1-bitAnd2-bitCharacters.vcxproj", "{EB4C96CA-AFB1-47BF-B389-59711C6CB060}"
EndProject
Project("{8BC9CEB8-8B4A-11D0-8D11-00A0C91BC942}") = "KeepMultiplyingFoundValuesByTwo", "KeepMultiplyingFoundValuesByTwo\KeepMultiplyingFoundValuesByTwo.vcxproj", "{AA1AE9EF-F3A4-4AA1-B7DA-092F677A4745}"
EndProject
Project("{8BC9CEB8-8B4A-11D0-8D11-00A0C91BC942}") = "SetIntersectionSizeAtLeastTwo", "SetIntersectionSizeAtLeastTwo\SetIntersectionSizeAtLeastTwo.vcxproj", "{7B11D6BE-F5E5-411D-B922-035EDDBFAF8C}"
EndProject
Project("{8BC9CEB8-8B4A-11D0-8D11-00A0C91BC942}") = "ThirdMaximumNumber", "ThirdMaximumNumber\ThirdMaximumNumber.vcxproj", "{E62C1912-EE14-480C-874D-1F33FCE2E8F3}"
EndProject
Project("{8BC9CEB8-8B4A-11D0-8D11-00A0C91BC942}") = "UniqueLength3PalindromicSubsequences", "UniqueLength3PalindromicSubsequences\UniqueLength3PalindromicSubsequences.vcxproj", "{166F8236-663E-482E-A87B-8564B83DE377}"
EndProject
Project("{8BC9CEB8-8B4A-11D0-8D11-00A0C91BC942}") = "AddStrings", "AddStrings\AddStrings.vcxproj", "{CF18613C-DF15-4964-A0BA-67F5C3635A00}"
EndProject
Project("{8BC9CEB8-8B4A-11D0-8D11-00A0C91BC942}") = "FindMinimumOperationsToMakeAllElementsDivisibleByThree", "FindMinimumOperationsToMakeAllElementsDivisibleByThree\FindMinimumOperationsToMakeAllElementsDivisibleByThree.vcxproj", "{65920337-79BC-4939-ABBF-45EDE32B58D2}"
EndProject
Project("{8BC9CEB8-8B4A-11D0-8D11-00A0C91BC942}") = "NumberOfSegmentsInAString", "NumberOfSegmentsInAString\NumberOfSegmentsInAString.vcxproj", "{A3D46BF0-92BB-4413-A025-9ACEF6BB4B17}"
EndProject
Project("{8BC9CEB8-8B4A-11D0-8D11-00A0C91BC942}") = "ArrangingCoins", "ArrangingCoins\ArrangingCoins.vcxproj", "{DCF06827-D659-46E0-8A2C-20538C63FF46}"
EndProject
Project("{8BC9CEB8-8B4A-11D0-8D11-00A0C91BC942}") = "FindAllNumbersDisappearedInAnArray", "FindAllNumbersDisappearedInAnArray\FindAllNumbersDisappearedInAnArray.vcxproj", "{147EC964-DB4C-4EFF-AC87-2DFB838D0E78}"
EndProject
Project("{8BC9CEB8-8B4A-11D0-8D11-00A0C91BC942}") = "GreatestSumDivisibleByThree", "GreatestSumDivisibleByThree\GreatestSumDivisibleByThree.vcxproj", "{69FA5868-7830-4883-84E1-4556D40AF027}"
EndProject
Project("{8BC9CEB8-8B4A-11D0-8D11-00A0C91BC942}") = "BinaryPrefixDivisibleByFive", "BinaryPrefixDivisibleByFive\BinaryPrefixDivisibleByFive.vcxproj", "{51079795-BAD6-4C2B-BC9E-514AA80F2A74}"
EndProject
Project("{8BC9CEB8-8B4A-11D0-8D11-00A0C91BC942}") = "SmallestIntegerDivisibleByK", "SmallestIntegerDivisibleByK\SmallestIntegerDivisibleByK.vcxproj", "{2283D15B-C531-4EB1-94D2-E59E56DCCAC8}"
EndProject
Project("{8BC9CEB8-8B4A-11D0-8D11-00A0C91BC942}") = "PathsInMatrixWhoseSumIsDivisibleByK", "PathsInMatrixWhoseSumIsDivisibleByK\PathsInMatrixWhoseSumIsDivisibleByK.vcxproj", "{5FC1B0EE-8AE6-4A4C-BBC5-2CF18752FE52}"
EndProject
Project("{8BC9CEB8-8B4A-11D0-8D11-00A0C91BC942}") = "ReverseInteger", "ReverseInteger\ReverseInteger.vcxproj", "{A2A99C45-D181-482C-B1DD-EA0336F77CB8}"
EndProject
Project("{8BC9CEB8-8B4A-11D0-8D11-00A0C91BC942}") = "MaximumSubarraySumWithLengthDivisibleByK", "MaximumSubarraySumWithLengthDivisibleByK\MaximumSubarraySumWithLengthDivisibleByK.vcxproj", "{CA940438-EC36-431E-8B4F-982F55144093}"
EndProject
Project("{8BC9CEB8-8B4A-11D0-8D11-00A0C91BC942}") = "MaximumNumberOfKDivisibleComponents", "MaximumNumberOfKDivisibleComponents\MaximumNumberOfKDivisibleComponents.vcxproj", "{A311A495-A2E3-4170-8E79-DF1DB310BAF6}"
EndProject
Project("{8BC9CEB8-8B4A-11D0-8D11-00A0C91BC942}") = "AddTwoNumbers", "AddTwoNumbers\AddTwoNumbers.vcxproj", "{CD2D35E2-5E91-4844-B837-B8E7F861B2BC}"
EndProject
Project("{8BC9CEB8-8B4A-11D0-8D11-00A0C91BC942}") = "MinimumOperationstoMakeArraySumDivisiblebyK", "MinimumOperationstoMakeArraySumDivisiblebyK\MinimumOperationstoMakeArraySumDivisiblebyK.vcxproj", "{76E3C722-162F-47E3-9ABB-1284CA0C4EC3}"
EndProject
Project("{8BC9CEB8-8B4A-11D0-8D11-00A0C91BC942}") = "LongestSubstringWithoutRepeatingCharacters", "LongestSubstringWithoutRepeatingCharacters\LongestSubstringWithoutRepeatingCharacters.vcxproj", "{C293FB9E-4ABC-4EB6-95D2-11964B98ACDF}"
EndProject
Project("{8BC9CEB8-8B4A-11D0-8D11-00A0C91BC942}") = "CountNumberOfTrapezoids1", "CountNumberOfTrapezoids1\CountNumberOfTrapezoids1.vcxproj", "{2C5A3FC6-EAA5-4A72-BB54-BF35CD8B334E}"
EndProject
Project("{8BC9CEB8-8B4A-11D0-8D11-00A0C91BC942}") = "CountCollisionsOnARoad", "CountCollisionsOnARoad\CountCollisionsOnARoad.vcxproj", "{EC4BC813-368F-4B66-AA36-CF55D95541B2}"
EndProject
Project("{8BC9CEB8-8B4A-11D0-8D11-00A0C91BC942}") = "CountPartitionsWithEvenSumDifference", "CountPartitionsWithEvenSumDifference\CountPartitionsWithEvenSumDifference.vcxproj", "{1042BE6B-403F-4D12-B8EF-80F5BD932F06}"
EndProject
Project("{8BC9CEB8-8B4A-11D0-8D11-00A0C91BC942}") = "IntegerToRoman", "IntegerToRoman\IntegerToRoman.vcxproj", "{CF7382EC-004F-4AD0-98BF-2E90418D0523}"
EndProject
Global
	GlobalSection(SolutionConfigurationPlatforms) = preSolution
		Debug|x64 = Debug|x64
		Debug|x86 = Debug|x86
		Release|x64 = Release|x64
		Release|x86 = Release|x86
	EndGlobalSection
	GlobalSection(ProjectConfigurationPlatforms) = postSolution
		{5C7707FD-4584-4E9C-8EA0-4F627B54B3CE}.Debug|x64.ActiveCfg = Debug|x64
		{5C7707FD-4584-4E9C-8EA0-4F627B54B3CE}.Debug|x64.Build.0 = Debug|x64
		{5C7707FD-4584-4E9C-8EA0-4F627B54B3CE}.Debug|x86.ActiveCfg = Debug|Win32
		{5C7707FD-4584-4E9C-8EA0-4F627B54B3CE}.Debug|x86.Build.0 = Debug|Win32
		{5C7707FD-4584-4E9C-8EA0-4F627B54B3CE}.Release|x64.ActiveCfg = Release|x64
		{5C7707FD-4584-4E9C-8EA0-4F627B54B3CE}.Release|x64.Build.0 = Release|x64
		{5C7707FD-4584-4E9C-8EA0-4F627B54B3CE}.Release|x86.ActiveCfg = Release|Win32
		{5C7707FD-4584-4E9C-8EA0-4F627B54B3CE}.Release|x86.Build.0 = Release|Win32
		{71F68CE2-1DA0-4EAD-9AB7-DA0EC0DEB1AE}.Debug|x64.ActiveCfg = Debug|x64
		{71F68CE2-1DA0-4EAD-9AB7-DA0EC0DEB1AE}.Debug|x64.Build.0 = Debug|x64
		{71F68CE2-1DA0-4EAD-9AB7-DA0EC0DEB1AE}.Debug|x86.ActiveCfg = Debug|Win32
		{71F68CE2-1DA0-4EAD-9AB7-DA0EC0DEB1AE}.Debug|x86.Build.0 = Debug|Win32
		{71F68CE2-1DA0-4EAD-9AB7-DA0EC0DEB1AE}.Release|x64.ActiveCfg = Release|x64
		{71F68CE2-1DA0-4EAD-9AB7-DA0EC0DEB1AE}.Release|x64.Build.0 = Release|x64
		{71F68CE2-1DA0-4EAD-9AB7-DA0EC0DEB1AE}.Release|x86.ActiveCfg = Release|Win32
		{71F68CE2-1DA0-4EAD-9AB7-DA0EC0DEB1AE}.Release|x86.Build.0 = Release|Win32
		{435B4472-091C-4828-90C4-C3C129F0DB3E}.Debug|x64.ActiveCfg = Debug|x64
		{435B4472-091C-4828-90C4-C3C129F0DB3E}.Debug|x64.Build.0 = Debug|x64
		{435B4472-091C-4828-90C4-C3C129F0DB3E}.Debug|x86.ActiveCfg = Debug|Win32
		{435B4472-091C-4828-90C4-C3C129F0DB3E}.Debug|x86.Build.0 = Debug|Win32
		{435B4472-091C-4828-90C4-C3C129F0DB3E}.Release|x64.ActiveCfg = Release|x64
		{435B4472-091C-4828-90C4-C3C129F0DB3E}.Release|x64.Build.0 = Release|x64
		{435B4472-091C-4828-90C4-C3C129F0DB3E}.Release|x86.ActiveCfg = Release|Win32
		{435B4472-091C-4828-90C4-C3C129F0DB3E}.Release|x86.Build.0 = Release|Win32
		{7958C8C6-7465-4F6A-8C32-BA1FE994AA21}.Debug|x64.ActiveCfg = Debug|x64
		{7958C8C6-7465-4F6A-8C32-BA1FE994AA21}.Debug|x64.Build.0 = Debug|x64
		{7958C8C6-7465-4F6A-8C32-BA1FE994AA21}.Debug|x86.ActiveCfg = Debug|Win32
		{7958C8C6-7465-4F6A-8C32-BA1FE994AA21}.Debug|x86.Build.0 = Debug|Win32
		{7958C8C6-7465-4F6A-8C32-BA1FE994AA21}.Release|x64.ActiveCfg = Release|x64
		{7958C8C6-7465-4F6A-8C32-BA1FE994AA21}.Release|x64.Build.0 = Release|x64
		{7958C8C6-7465-4F6A-8C32-BA1FE994AA21}.Release|x86.ActiveCfg = Release|Win32
		{7958C8C6-7465-4F6A-8C32-BA1FE994AA21}.Release|x86.Build.0 = Release|Win32
		{43850953-EDFC-4838-882D-CE3F94A9D2A0}.Debug|x64.ActiveCfg = Debug|x64
		{43850953-EDFC-4838-882D-CE3F94A9D2A0}.Debug|x64.Build.0 = Debug|x64
		{43850953-EDFC-4838-882D-CE3F94A9D2A0}.Debug|x86.ActiveCfg = Debug|Win32
		{43850953-EDFC-4838-882D-CE3F94A9D2A0}.Debug|x86.Build.0 = Debug|Win32
		{43850953-EDFC-4838-882D-CE3F94A9D2A0}.Release|x64.ActiveCfg = Release|x64
		{43850953-EDFC-4838-882D-CE3F94A9D2A0}.Release|x64.Build.0 = Release|x64
		{43850953-EDFC-4838-882D-CE3F94A9D2A0}.Release|x86.ActiveCfg = Release|Win32
		{43850953-EDFC-4838-882D-CE3F94A9D2A0}.Release|x86.Build.0 = Release|Win32
		{50802DE8-A698-406A-95FC-9C7AEF7A4976}.Debug|x64.ActiveCfg = Debug|x64
		{50802DE8-A698-406A-95FC-9C7AEF7A4976}.Debug|x64.Build.0 = Debug|x64
		{50802DE8-A698-406A-95FC-9C7AEF7A4976}.Debug|x86.ActiveCfg = Debug|Win32
		{50802DE8-A698-406A-95FC-9C7AEF7A4976}.Debug|x86.Build.0 = Debug|Win32
		{50802DE8-A698-406A-95FC-9C7AEF7A4976}.Release|x64.ActiveCfg = Release|x64
		{50802DE8-A698-406A-95FC-9C7AEF7A4976}.Release|x64.Build.0 = Release|x64
		{50802DE8-A698-406A-95FC-9C7AEF7A4976}.Release|x86.ActiveCfg = Release|Win32
		{50802DE8-A698-406A-95FC-9C7AEF7A4976}.Release|x86.Build.0 = Release|Win32
		{7A0CFB8D-0619-442F-B11D-48D6CF6763C2}.Debug|x64.ActiveCfg = Debug|x64
		{7A0CFB8D-0619-442F-B11D-48D6CF6763C2}.Debug|x64.Build.0 = Debug|x64
		{7A0CFB8D-0619-442F-B11D-48D6CF6763C2}.Debug|x86.ActiveCfg = Debug|Win32
		{7A0CFB8D-0619-442F-B11D-48D6CF6763C2}.Debug|x86.Build.0 = Debug|Win32
		{7A0CFB8D-0619-442F-B11D-48D6CF6763C2}.Release|x64.ActiveCfg = Release|x64
		{7A0CFB8D-0619-442F-B11D-48D6CF6763C2}.Release|x64.Build.0 = Release|x64
		{7A0CFB8D-0619-442F-B11D-48D6CF6763C2}.Release|x86.ActiveCfg = Release|Win32
		{7A0CFB8D-0619-442F-B11D-48D6CF6763C2}.Release|x86.Build.0 = Release|Win32
		{96CB0EFB-9BB7-420F-9875-0C4B130EDE6C}.Debug|x64.ActiveCfg = Debug|x64
		{96CB0EFB-9BB7-420F-9875-0C4B130EDE6C}.Debug|x64.Build.0 = Debug|x64
		{96CB0EFB-9BB7-420F-9875-0C4B130EDE6C}.Debug|x86.ActiveCfg = Debug|Win32
		{96CB0EFB-9BB7-420F-9875-0C4B130EDE6C}.Debug|x86.Build.0 = Debug|Win32
		{96CB0EFB-9BB7-420F-9875-0C4B130EDE6C}.Release|x64.ActiveCfg = Release|x64
		{96CB0EFB-9BB7-420F-9875-0C4B130EDE6C}.Release|x64.Build.0 = Release|x64
		{96CB0EFB-9BB7-420F-9875-0C4B130EDE6C}.Release|x86.ActiveCfg = Release|Win32
		{96CB0EFB-9BB7-420F-9875-0C4B130EDE6C}.Release|x86.Build.0 = Release|Win32
		{42587747-A7D4-437D-930A-F4F09189FD57}.Debug|x64.ActiveCfg = Debug|x64
		{42587747-A7D4-437D-930A-F4F09189FD57}.Debug|x64.Build.0 = Debug|x64
		{42587747-A7D4-437D-930A-F4F09189FD57}.Debug|x86.ActiveCfg = Debug|Win32
		{42587747-A7D4-437D-930A-F4F09189FD57}.Debug|x86.Build.0 = Debug|Win32
		{42587747-A7D4-437D-930A-F4F09189FD57}.Release|x64.ActiveCfg = Release|x64
		{42587747-A7D4-437D-930A-F4F09189FD57}.Release|x64.Build.0 = Release|x64
		{42587747-A7D4-437D-930A-F4F09189FD57}.Release|x86.ActiveCfg = Release|Win32
		{42587747-A7D4-437D-930A-F4F09189FD57}.Release|x86.Build.0 = Release|Win32
		{556C9373-C787-4D04-8AA4-3501226B2CE9}.Debug|x64.ActiveCfg = Debug|x64
		{556C9373-C787-4D04-8AA4-3501226B2CE9}.Debug|x64.Build.0 = Debug|x64
		{556C9373-C787-4D04-8AA4-3501226B2CE9}.Debug|x86.ActiveCfg = Debug|Win32
		{556C9373-C787-4D04-8AA4-3501226B2CE9}.Debug|x86.Build.0 = Debug|Win32
		{556C9373-C787-4D04-8AA4-3501226B2CE9}.Release|x64.ActiveCfg = Release|x64
		{556C9373-C787-4D04-8AA4-3501226B2CE9}.Release|x64.Build.0 = Release|x64
		{556C9373-C787-4D04-8AA4-3501226B2CE9}.Release|x86.ActiveCfg = Release|Win32
		{556C9373-C787-4D04-8AA4-3501226B2CE9}.Release|x86.Build.0 = Release|Win32
		{9029F80C-C884-4979-A625-73713AB3497E}.Debug|x64.ActiveCfg = Debug|x64
		{9029F80C-C884-4979-A625-73713AB3497E}.Debug|x64.Build.0 = Debug|x64
		{9029F80C-C884-4979-A625-73713AB3497E}.Debug|x86.ActiveCfg = Debug|Win32
		{9029F80C-C884-4979-A625-73713AB3497E}.Debug|x86.Build.0 = Debug|Win32
		{9029F80C-C884-4979-A625-73713AB3497E}.Release|x64.ActiveCfg = Release|x64
		{9029F80C-C884-4979-A625-73713AB3497E}.Release|x64.Build.0 = Release|x64
		{9029F80C-C884-4979-A625-73713AB3497E}.Release|x86.ActiveCfg = Release|Win32
		{9029F80C-C884-4979-A625-73713AB3497E}.Release|x86.Build.0 = Release|Win32
		{D426F906-ED44-46BC-9C43-8354D207FEC5}.Debug|x64.ActiveCfg = Debug|x64
		{D426F906-ED44-46BC-9C43-8354D207FEC5}.Debug|x64.Build.0 = Debug|x64
		{D426F906-ED44-46BC-9C43-8354D207FEC5}.Debug|x86.ActiveCfg = Debug|Win32
		{D426F906-ED44-46BC-9C43-8354D207FEC5}.Debug|x86.Build.0 = Debug|Win32
		{D426F906-ED44-46BC-9C43-8354D207FEC5}.Release|x64.ActiveCfg = Release|x64
		{D426F906-ED44-46BC-9C43-8354D207FEC5}.Release|x64.Build.0 = Release|x64
		{D426F906-ED44-46BC-9C43-8354D207FEC5}.Release|x86.ActiveCfg = Release|Win32
		{D426F906-ED44-46BC-9C43-8354D207FEC5}.Release|x86.Build.0 = Release|Win32
		{F80DE07C-4AFA-4049-837D-3E9F81DEFA92}.Debug|x64.ActiveCfg = Debug|x64
		{F80DE07C-4AFA-4049-837D-3E9F81DEFA92}.Debug|x64.Build.0 = Debug|x64
		{F80DE07C-4AFA-4049-837D-3E9F81DEFA92}.Debug|x86.ActiveCfg = Debug|Win32
		{F80DE07C-4AFA-4049-837D-3E9F81DEFA92}.Debug|x86.Build.0 = Debug|Win32
		{F80DE07C-4AFA-4049-837D-3E9F81DEFA92}.Release|x64.ActiveCfg = Release|x64
		{F80DE07C-4AFA-4049-837D-3E9F81DEFA92}.Release|x64.Build.0 = Release|x64
		{F80DE07C-4AFA-4049-837D-3E9F81DEFA92}.Release|x86.ActiveCfg = Release|Win32
		{F80DE07C-4AFA-4049-837D-3E9F81DEFA92}.Release|x86.Build.0 = Release|Win32
		{9C70576E-635F-46E9-853C-FAE216BC4596}.Debug|x64.ActiveCfg = Debug|x64
		{9C70576E-635F-46E9-853C-FAE216BC4596}.Debug|x64.Build.0 = Debug|x64
		{9C70576E-635F-46E9-853C-FAE216BC4596}.Debug|x86.ActiveCfg = Debug|Win32
		{9C70576E-635F-46E9-853C-FAE216BC4596}.Debug|x86.Build.0 = Debug|Win32
		{9C70576E-635F-46E9-853C-FAE216BC4596}.Release|x64.ActiveCfg = Release|x64
		{9C70576E-635F-46E9-853C-FAE216BC4596}.Release|x64.Build.0 = Release|x64
		{9C70576E-635F-46E9-853C-FAE216BC4596}.Release|x86.ActiveCfg = Release|Win32
		{9C70576E-635F-46E9-853C-FAE216BC4596}.Release|x86.Build.0 = Release|Win32
		{477DEFC0-E5D7-4C11-9806-06E498436B19}.Debug|x64.ActiveCfg = Debug|x64
		{477DEFC0-E5D7-4C11-9806-06E498436B19}.Debug|x64.Build.0 = Debug|x64
		{477DEFC0-E5D7-4C11-9806-06E498436B19}.Debug|x86.ActiveCfg = Debug|Win32
		{477DEFC0-E5D7-4C11-9806-06E498436B19}.Debug|x86.Build.0 = Debug|Win32
		{477DEFC0-E5D7-4C11-9806-06E498436B19}.Release|x64.ActiveCfg = Release|x64
		{477DEFC0-E5D7-4C11-9806-06E498436B19}.Release|x64.Build.0 = Release|x64
		{477DEFC0-E5D7-4C11-9806-06E498436B19}.Release|x86.ActiveCfg = Release|Win32
		{477DEFC0-E5D7-4C11-9806-06E498436B19}.Release|x86.Build.0 = Release|Win32
		{B7CEFE30-DB1B-4AC5-8EAB-4A3C1A2209A6}.Debug|x64.ActiveCfg = Debug|x64
		{B7CEFE30-DB1B-4AC5-8EAB-4A3C1A2209A6}.Debug|x64.Build.0 = Debug|x64
		{B7CEFE30-DB1B-4AC5-8EAB-4A3C1A2209A6}.Debug|x86.ActiveCfg = Debug|Win32
		{B7CEFE30-DB1B-4AC5-8EAB-4A3C1A2209A6}.Debug|x86.Build.0 = Debug|Win32
		{B7CEFE30-DB1B-4AC5-8EAB-4A3C1A2209A6}.Release|x64.ActiveCfg = Release|x64
		{B7CEFE30-DB1B-4AC5-8EAB-4A3C1A2209A6}.Release|x64.Build.0 = Release|x64
		{B7CEFE30-DB1B-4AC5-8EAB-4A3C1A2209A6}.Release|x86.ActiveCfg = Release|Win32
		{B7CEFE30-DB1B-4AC5-8EAB-4A3C1A2209A6}.Release|x86.Build.0 = Release|Win32
		{69C6A606-C88E-4F7C-928D-6A9F62E799D1}.Debug|x64.ActiveCfg = Debug|x64
		{69C6A606-C88E-4F7C-928D-6A9F62E799D1}.Debug|x64.Build.0 = Debug|x64
		{69C6A606-C88E-4F7C-928D-6A9F62E799D1}.Debug|x86.ActiveCfg = Debug|Win32
		{69C6A606-C88E-4F7C-928D-6A9F62E799D1}.Debug|x86.Build.0 = Debug|Win32
		{69C6A606-C88E-4F7C-928D-6A9F62E799D1}.Release|x64.ActiveCfg = Release|x64
		{69C6A606-C88E-4F7C-928D-6A9F62E799D1}.Release|x64.Build.0 = Release|x64
		{69C6A606-C88E-4F7C-928D-6A9F62E799D1}.Release|x86.ActiveCfg = Release|Win32
		{69C6A606-C88E-4F7C-928D-6A9F62E799D1}.Release|x86.Build.0 = Release|Win32
		{2FBC6B23-F831-48CC-929A-7ED9A53FC865}.Debug|x64.ActiveCfg = Debug|x64
		{2FBC6B23-F831-48CC-929A-7ED9A53FC865}.Debug|x64.Build.0 = Debug|x64
		{2FBC6B23-F831-48CC-929A-7ED9A53FC865}.Debug|x86.ActiveCfg = Debug|Win32
		{2FBC6B23-F831-48CC-929A-7ED9A53FC865}.Debug|x86.Build.0 = Debug|Win32
		{2FBC6B23-F831-48CC-929A-7ED9A53FC865}.Release|x64.ActiveCfg = Release|x64
		{2FBC6B23-F831-48CC-929A-7ED9A53FC865}.Release|x64.Build.0 = Release|x64
		{2FBC6B23-F831-48CC-929A-7ED9A53FC865}.Release|x86.ActiveCfg = Release|Win32
		{2FBC6B23-F831-48CC-929A-7ED9A53FC865}.Release|x86.Build.0 = Release|Win32
		{B9A28FA9-B85D-472B-9BF6-9CAF516EC80E}.Debug|x64.ActiveCfg = Debug|x64
		{B9A28FA9-B85D-472B-9BF6-9CAF516EC80E}.Debug|x64.Build.0 = Debug|x64
		{B9A28FA9-B85D-472B-9BF6-9CAF516EC80E}.Debug|x86.ActiveCfg = Debug|Win32
		{B9A28FA9-B85D-472B-9BF6-9CAF516EC80E}.Debug|x86.Build.0 = Debug|Win32
		{B9A28FA9-B85D-472B-9BF6-9CAF516EC80E}.Release|x64.ActiveCfg = Release|x64
		{B9A28FA9-B85D-472B-9BF6-9CAF516EC80E}.Release|x64.Build.0 = Release|x64
		{B9A28FA9-B85D-472B-9BF6-9CAF516EC80E}.Release|x86.ActiveCfg = Release|Win32
		{B9A28FA9-B85D-472B-9BF6-9CAF516EC80E}.Release|x86.Build.0 = Release|Win32
		{2E4CCF36-5348-400A-93C9-9ADECFF1E4BC}.Debug|x64.ActiveCfg = Debug|x64
		{2E4CCF36-5348-400A-93C9-9ADECFF1E4BC}.Debug|x64.Build.0 = Debug|x64
		{2E4CCF36-5348-400A-93C9-9ADECFF1E4BC}.Debug|x86.ActiveCfg = Debug|Win32
		{2E4CCF36-5348-400A-93C9-9ADECFF1E4BC}.Debug|x86.Build.0 = Debug|Win32
		{2E4CCF36-5348-400A-93C9-9ADECFF1E4BC}.Release|x64.ActiveCfg = Release|x64
		{2E4CCF36-5348-400A-93C9-9ADECFF1E4BC}.Release|x64.Build.0 = Release|x64
		{2E4CCF36-5348-400A-93C9-9ADECFF1E4BC}.Release|x86.ActiveCfg = Release|Win32
		{2E4CCF36-5348-400A-93C9-9ADECFF1E4BC}.Release|x86.Build.0 = Release|Win32
		{56B9C456-6663-4F75-BDBD-22F8C376E0B7}.Debug|x64.ActiveCfg = Debug|x64
		{56B9C456-6663-4F75-BDBD-22F8C376E0B7}.Debug|x64.Build.0 = Debug|x64
		{56B9C456-6663-4F75-BDBD-22F8C376E0B7}.Debug|x86.ActiveCfg = Debug|Win32
		{56B9C456-6663-4F75-BDBD-22F8C376E0B7}.Debug|x86.Build.0 = Debug|Win32
		{56B9C456-6663-4F75-BDBD-22F8C376E0B7}.Release|x64.ActiveCfg = Release|x64
		{56B9C456-6663-4F75-BDBD-22F8C376E0B7}.Release|x64.Build.0 = Release|x64
		{56B9C456-6663-4F75-BDBD-22F8C376E0B7}.Release|x86.ActiveCfg = Release|Win32
		{56B9C456-6663-4F75-BDBD-22F8C376E0B7}.Release|x86.Build.0 = Release|Win32
		{6D027799-6A11-4430-B6E1-F7FA83BB798A}.Debug|x64.ActiveCfg = Debug|x64
		{6D027799-6A11-4430-B6E1-F7FA83BB798A}.Debug|x64.Build.0 = Debug|x64
		{6D027799-6A11-4430-B6E1-F7FA83BB798A}.Debug|x86.ActiveCfg = Debug|Win32
		{6D027799-6A11-4430-B6E1-F7FA83BB798A}.Debug|x86.Build.0 = Debug|Win32
		{6D027799-6A11-4430-B6E1-F7FA83BB798A}.Release|x64.ActiveCfg = Release|x64
		{6D027799-6A11-4430-B6E1-F7FA83BB798A}.Release|x64.Build.0 = Release|x64
		{6D027799-6A11-4430-B6E1-F7FA83BB798A}.Release|x86.ActiveCfg = Release|Win32
		{6D027799-6A11-4430-B6E1-F7FA83BB798A}.Release|x86.Build.0 = Release|Win32
		{0FE97D0A-4F2D-4FD0-BD0D-F1182AE676EF}.Debug|x64.ActiveCfg = Debug|x64
		{0FE97D0A-4F2D-4FD0-BD0D-F1182AE676EF}.Debug|x64.Build.0 = Debug|x64
		{0FE97D0A-4F2D-4FD0-BD0D-F1182AE676EF}.Debug|x86.ActiveCfg = Debug|Win32
		{0FE97D0A-4F2D-4FD0-BD0D-F1182AE676EF}.Debug|x86.Build.0 = Debug|Win32
		{0FE97D0A-4F2D-4FD0-BD0D-F1182AE676EF}.Release|x64.ActiveCfg = Release|x64
		{0FE97D0A-4F2D-4FD0-BD0D-F1182AE676EF}.Release|x64.Build.0 = Release|x64
		{0FE97D0A-4F2D-4FD0-BD0D-F1182AE676EF}.Release|x86.ActiveCfg = Release|Win32
		{0FE97D0A-4F2D-4FD0-BD0D-F1182AE676EF}.Release|x86.Build.0 = Release|Win32
		{E845EA35-833A-4AC5-BF30-60FA55B039B4}.Debug|x64.ActiveCfg = Debug|x64
		{E845EA35-833A-4AC5-BF30-60FA55B039B4}.Debug|x64.Build.0 = Debug|x64
		{E845EA35-833A-4AC5-BF30-60FA55B039B4}.Debug|x86.ActiveCfg = Debug|Win32
		{E845EA35-833A-4AC5-BF30-60FA55B039B4}.Debug|x86.Build.0 = Debug|Win32
		{E845EA35-833A-4AC5-BF30-60FA55B039B4}.Release|x64.ActiveCfg = Release|x64
		{E845EA35-833A-4AC5-BF30-60FA55B039B4}.Release|x64.Build.0 = Release|x64
		{E845EA35-833A-4AC5-BF30-60FA55B039B4}.Release|x86.ActiveCfg = Release|Win32
		{E845EA35-833A-4AC5-BF30-60FA55B039B4}.Release|x86.Build.0 = Release|Win32
		{2C5D72E0-595B-4E4F-9D32-9D1033980F70}.Debug|x64.ActiveCfg = Debug|x64
		{2C5D72E0-595B-4E4F-9D32-9D1033980F70}.Debug|x64.Build.0 = Debug|x64
		{2C5D72E0-595B-4E4F-9D32-9D1033980F70}.Debug|x86.ActiveCfg = Debug|Win32
		{2C5D72E0-595B-4E4F-9D32-9D1033980F70}.Debug|x86.Build.0 = Debug|Win32
		{2C5D72E0-595B-4E4F-9D32-9D1033980F70}.Release|x64.ActiveCfg = Release|x64
		{2C5D72E0-595B-4E4F-9D32-9D1033980F70}.Release|x64.Build.0 = Release|x64
		{2C5D72E0-595B-4E4F-9D32-9D1033980F70}.Release|x86.ActiveCfg = Release|Win32
		{2C5D72E0-595B-4E4F-9D32-9D1033980F70}.Release|x86.Build.0 = Release|Win32
		{CE09E58A-9D22-4FC0-82E5-337B277F12F7}.Debug|x64.ActiveCfg = Debug|x64
		{CE09E58A-9D22-4FC0-82E5-337B277F12F7}.Debug|x64.Build.0 = Debug|x64
		{CE09E58A-9D22-4FC0-82E5-337B277F12F7}.Debug|x86.ActiveCfg = Debug|Win32
		{CE09E58A-9D22-4FC0-82E5-337B277F12F7}.Debug|x86.Build.0 = Debug|Win32
		{CE09E58A-9D22-4FC0-82E5-337B277F12F7}.Release|x64.ActiveCfg = Release|x64
		{CE09E58A-9D22-4FC0-82E5-337B277F12F7}.Release|x64.Build.0 = Release|x64
		{CE09E58A-9D22-4FC0-82E5-337B277F12F7}.Release|x86.ActiveCfg = Release|Win32
		{CE09E58A-9D22-4FC0-82E5-337B277F12F7}.Release|x86.Build.0 = Release|Win32
		{37781727-5F20-42AC-A9F3-EDBE2F021E75}.Debug|x64.ActiveCfg = Debug|x64
		{37781727-5F20-42AC-A9F3-EDBE2F021E75}.Debug|x64.Build.0 = Debug|x64
		{37781727-5F20-42AC-A9F3-EDBE2F021E75}.Debug|x86.ActiveCfg = Debug|Win32
		{37781727-5F20-42AC-A9F3-EDBE2F021E75}.Debug|x86.Build.0 = Debug|Win32
		{37781727-5F20-42AC-A9F3-EDBE2F021E75}.Release|x64.ActiveCfg = Release|x64
		{37781727-5F20-42AC-A9F3-EDBE2F021E75}.Release|x64.Build.0 = Release|x64
		{37781727-5F20-42AC-A9F3-EDBE2F021E75}.Release|x86.ActiveCfg = Release|Win32
		{37781727-5F20-42AC-A9F3-EDBE2F021E75}.Release|x86.Build.0 = Release|Win32
		{3181A70B-7BE8-4F04-A647-0FA81DA2D3AC}.Debug|x64.ActiveCfg = Debug|x64
		{3181A70B-7BE8-4F04-A647-0FA81DA2D3AC}.Debug|x64.Build.0 = Debug|x64
		{3181A70B-7BE8-4F04-A647-0FA81DA2D3AC}.Debug|x86.ActiveCfg = Debug|Win32
		{3181A70B-7BE8-4F04-A647-0FA81DA2D3AC}.Debug|x86.Build.0 = Debug|Win32
		{3181A70B-7BE8-4F04-A647-0FA81DA2D3AC}.Release|x64.ActiveCfg = Release|x64
		{3181A70B-7BE8-4F04-A647-0FA81DA2D3AC}.Release|x64.Build.0 = Release|x64
		{3181A70B-7BE8-4F04-A647-0FA81DA2D3AC}.Release|x86.ActiveCfg = Release|Win32
		{3181A70B-7BE8-4F04-A647-0FA81DA2D3AC}.Release|x86.Build.0 = Release|Win32
		{0322D2CF-BC0A-4D5B-AAD4-F85B9C22B6C5}.Debug|x64.ActiveCfg = Debug|x64
		{0322D2CF-BC0A-4D5B-AAD4-F85B9C22B6C5}.Debug|x64.Build.0 = Debug|x64
		{0322D2CF-BC0A-4D5B-AAD4-F85B9C22B6C5}.Debug|x86.ActiveCfg = Debug|Win32
		{0322D2CF-BC0A-4D5B-AAD4-F85B9C22B6C5}.Debug|x86.Build.0 = Debug|Win32
		{0322D2CF-BC0A-4D5B-AAD4-F85B9C22B6C5}.Release|x64.ActiveCfg = Release|x64
		{0322D2CF-BC0A-4D5B-AAD4-F85B9C22B6C5}.Release|x64.Build.0 = Release|x64
		{0322D2CF-BC0A-4D5B-AAD4-F85B9C22B6C5}.Release|x86.ActiveCfg = Release|Win32
		{0322D2CF-BC0A-4D5B-AAD4-F85B9C22B6C5}.Release|x86.Build.0 = Release|Win32
		{BDE0ED9A-80CC-48C7-B283-241D73C6FCF1}.Debug|x64.ActiveCfg = Debug|x64
		{BDE0ED9A-80CC-48C7-B283-241D73C6FCF1}.Debug|x64.Build.0 = Debug|x64
		{BDE0ED9A-80CC-48C7-B283-241D73C6FCF1}.Debug|x86.ActiveCfg = Debug|Win32
		{BDE0ED9A-80CC-48C7-B283-241D73C6FCF1}.Debug|x86.Build.0 = Debug|Win32
		{BDE0ED9A-80CC-48C7-B283-241D73C6FCF1}.Release|x64.ActiveCfg = Release|x64
		{BDE0ED9A-80CC-48C7-B283-241D73C6FCF1}.Release|x64.Build.0 = Release|x64
		{BDE0ED9A-80CC-48C7-B283-241D73C6FCF1}.Release|x86.ActiveCfg = Release|Win32
		{BDE0ED9A-80CC-48C7-B283-241D73C6FCF1}.Release|x86.Build.0 = Release|Win32
		{302F5D4D-499F-47BC-8E55-F4995ACCCF2E}.Debug|x64.ActiveCfg = Debug|x64
		{302F5D4D-499F-47BC-8E55-F4995ACCCF2E}.Debug|x64.Build.0 = Debug|x64
		{302F5D4D-499F-47BC-8E55-F4995ACCCF2E}.Debug|x86.ActiveCfg = Debug|Win32
		{302F5D4D-499F-47BC-8E55-F4995ACCCF2E}.Debug|x86.Build.0 = Debug|Win32
		{302F5D4D-499F-47BC-8E55-F4995ACCCF2E}.Release|x64.ActiveCfg = Release|x64
		{302F5D4D-499F-47BC-8E55-F4995ACCCF2E}.Release|x64.Build.0 = Release|x64
		{302F5D4D-499F-47BC-8E55-F4995ACCCF2E}.Release|x86.ActiveCfg = Release|Win32
		{302F5D4D-499F-47BC-8E55-F4995ACCCF2E}.Release|x86.Build.0 = Release|Win32
		{A9C4A9D9-0CC0-4C35-A1E1-D71CC976EAAD}.Debug|x64.ActiveCfg = Debug|x64
		{A9C4A9D9-0CC0-4C35-A1E1-D71CC976EAAD}.Debug|x64.Build.0 = Debug|x64
		{A9C4A9D9-0CC0-4C35-A1E1-D71CC976EAAD}.Debug|x86.ActiveCfg = Debug|Win32
		{A9C4A9D9-0CC0-4C35-A1E1-D71CC976EAAD}.Debug|x86.Build.0 = Debug|Win32
		{A9C4A9D9-0CC0-4C35-A1E1-D71CC976EAAD}.Release|x64.ActiveCfg = Release|x64
		{A9C4A9D9-0CC0-4C35-A1E1-D71CC976EAAD}.Release|x64.Build.0 = Release|x64
		{A9C4A9D9-0CC0-4C35-A1E1-D71CC976EAAD}.Release|x86.ActiveCfg = Release|Win32
		{A9C4A9D9-0CC0-4C35-A1E1-D71CC976EAAD}.Release|x86.Build.0 = Release|Win32
		{AFBF93FB-3370-47EC-AA31-590799E32F99}.Debug|x64.ActiveCfg = Debug|x64
		{AFBF93FB-3370-47EC-AA31-590799E32F99}.Debug|x64.Build.0 = Debug|x64
		{AFBF93FB-3370-47EC-AA31-590799E32F99}.Debug|x86.ActiveCfg = Debug|Win32
		{AFBF93FB-3370-47EC-AA31-590799E32F99}.Debug|x86.Build.0 = Debug|Win32
		{AFBF93FB-3370-47EC-AA31-590799E32F99}.Release|x64.ActiveCfg = Release|x64
		{AFBF93FB-3370-47EC-AA31-590799E32F99}.Release|x64.Build.0 = Release|x64
		{AFBF93FB-3370-47EC-AA31-590799E32F99}.Release|x86.ActiveCfg = Release|Win32
		{AFBF93FB-3370-47EC-AA31-590799E32F99}.Release|x86.Build.0 = Release|Win32
		{59AB5546-4379-4A4B-B3C4-045B9C650E15}.Debug|x64.ActiveCfg = Debug|x64
		{59AB5546-4379-4A4B-B3C4-045B9C650E15}.Debug|x64.Build.0 = Debug|x64
		{59AB5546-4379-4A4B-B3C4-045B9C650E15}.Debug|x86.ActiveCfg = Debug|Win32
		{59AB5546-4379-4A4B-B3C4-045B9C650E15}.Debug|x86.Build.0 = Debug|Win32
		{59AB5546-4379-4A4B-B3C4-045B9C650E15}.Release|x64.ActiveCfg = Release|x64
		{59AB5546-4379-4A4B-B3C4-045B9C650E15}.Release|x64.Build.0 = Release|x64
		{59AB5546-4379-4A4B-B3C4-045B9C650E15}.Release|x86.ActiveCfg = Release|Win32
		{59AB5546-4379-4A4B-B3C4-045B9C650E15}.Release|x86.Build.0 = Release|Win32
		{0BE94B2D-269C-4AC9-982E-27D409C58030}.Debug|x64.ActiveCfg = Debug|x64
		{0BE94B2D-269C-4AC9-982E-27D409C58030}.Debug|x64.Build.0 = Debug|x64
		{0BE94B2D-269C-4AC9-982E-27D409C58030}.Debug|x86.ActiveCfg = Debug|Win32
		{0BE94B2D-269C-4AC9-982E-27D409C58030}.Debug|x86.Build.0 = Debug|Win32
		{0BE94B2D-269C-4AC9-982E-27D409C58030}.Release|x64.ActiveCfg = Release|x64
		{0BE94B2D-269C-4AC9-982E-27D409C58030}.Release|x64.Build.0 = Release|x64
		{0BE94B2D-269C-4AC9-982E-27D409C58030}.Release|x86.ActiveCfg = Release|Win32
		{0BE94B2D-269C-4AC9-982E-27D409C58030}.Release|x86.Build.0 = Release|Win32
		{04801B97-2271-442B-B8DC-5FF007CA79E6}.Debug|x64.ActiveCfg = Debug|x64
		{04801B97-2271-442B-B8DC-5FF007CA79E6}.Debug|x64.Build.0 = Debug|x64
		{04801B97-2271-442B-B8DC-5FF007CA79E6}.Debug|x86.ActiveCfg = Debug|Win32
		{04801B97-2271-442B-B8DC-5FF007CA79E6}.Debug|x86.Build.0 = Debug|Win32
		{04801B97-2271-442B-B8DC-5FF007CA79E6}.Release|x64.ActiveCfg = Release|x64
		{04801B97-2271-442B-B8DC-5FF007CA79E6}.Release|x64.Build.0 = Release|x64
		{04801B97-2271-442B-B8DC-5FF007CA79E6}.Release|x86.ActiveCfg = Release|Win32
		{04801B97-2271-442B-B8DC-5FF007CA79E6}.Release|x86.Build.0 = Release|Win32
		{0826DAC4-D2E8-4962-B841-12D2C84D16CC}.Debug|x64.ActiveCfg = Debug|x64
		{0826DAC4-D2E8-4962-B841-12D2C84D16CC}.Debug|x64.Build.0 = Debug|x64
		{0826DAC4-D2E8-4962-B841-12D2C84D16CC}.Debug|x86.ActiveCfg = Debug|Win32
		{0826DAC4-D2E8-4962-B841-12D2C84D16CC}.Debug|x86.Build.0 = Debug|Win32
		{0826DAC4-D2E8-4962-B841-12D2C84D16CC}.Release|x64.ActiveCfg = Release|x64
		{0826DAC4-D2E8-4962-B841-12D2C84D16CC}.Release|x64.Build.0 = Release|x64
		{0826DAC4-D2E8-4962-B841-12D2C84D16CC}.Release|x86.ActiveCfg = Release|Win32
		{0826DAC4-D2E8-4962-B841-12D2C84D16CC}.Release|x86.Build.0 = Release|Win32
		{98854543-11D7-4974-B114-03563E7698DD}.Debug|x64.ActiveCfg = Debug|x64
		{98854543-11D7-4974-B114-03563E7698DD}.Debug|x64.Build.0 = Debug|x64
		{98854543-11D7-4974-B114-03563E7698DD}.Debug|x86.ActiveCfg = Debug|Win32
		{98854543-11D7-4974-B114-03563E7698DD}.Debug|x86.Build.0 = Debug|Win32
		{98854543-11D7-4974-B114-03563E7698DD}.Release|x64.ActiveCfg = Release|x64
		{98854543-11D7-4974-B114-03563E7698DD}.Release|x64.Build.0 = Release|x64
		{98854543-11D7-4974-B114-03563E7698DD}.Release|x86.ActiveCfg = Release|Win32
		{98854543-11D7-4974-B114-03563E7698DD}.Release|x86.Build.0 = Release|Win32
		{42515414-C14A-496C-8E1C-C18E3C125E07}.Debug|x64.ActiveCfg = Debug|x64
		{42515414-C14A-496C-8E1C-C18E3C125E07}.Debug|x64.Build.0 = Debug|x64
		{42515414-C14A-496C-8E1C-C18E3C125E07}.Debug|x86.ActiveCfg = Debug|Win32
		{42515414-C14A-496C-8E1C-C18E3C125E07}.Debug|x86.Build.0 = Debug|Win32
		{42515414-C14A-496C-8E1C-C18E3C125E07}.Release|x64.ActiveCfg = Release|x64
		{42515414-C14A-496C-8E1C-C18E3C125E07}.Release|x64.Build.0 = Release|x64
		{42515414-C14A-496C-8E1C-C18E3C125E07}.Release|x86.ActiveCfg = Release|Win32
		{42515414-C14A-496C-8E1C-C18E3C125E07}.Release|x86.Build.0 = Release|Win32
		{1D75B6BF-A657-4181-B375-1E2DDA80A9A2}.Debug|x64.ActiveCfg = Debug|x64
		{1D75B6BF-A657-4181-B375-1E2DDA80A9A2}.Debug|x64.Build.0 = Debug|x64
		{1D75B6BF-A657-4181-B375-1E2DDA80A9A2}.Debug|x86.ActiveCfg = Debug|Win32
		{1D75B6BF-A657-4181-B375-1E2DDA80A9A2}.Debug|x86.Build.0 = Debug|Win32
		{1D75B6BF-A657-4181-B375-1E2DDA80A9A2}.Release|x64.ActiveCfg = Release|x64
		{1D75B6BF-A657-4181-B375-1E2DDA80A9A2}.Release|x64.Build.0 = Release|x64
		{1D75B6BF-A657-4181-B375-1E2DDA80A9A2}.Release|x86.ActiveCfg = Release|Win32
		{1D75B6BF-A657-4181-B375-1E2DDA80A9A2}.Release|x86.Build.0 = Release|Win32
		{E0BF0EB2-5FFC-4A0B-B59D-E7E52798E5DE}.Debug|x64.ActiveCfg = Debug|x64
		{E0BF0EB2-5FFC-4A0B-B59D-E7E52798E5DE}.Debug|x64.Build.0 = Debug|x64
		{E0BF0EB2-5FFC-4A0B-B59D-E7E52798E5DE}.Debug|x86.ActiveCfg = Debug|Win32
		{E0BF0EB2-5FFC-4A0B-B59D-E7E52798E5DE}.Debug|x86.Build.0 = Debug|Win32
		{E0BF0EB2-5FFC-4A0B-B59D-E7E52798E5DE}.Release|x64.ActiveCfg = Release|x64
		{E0BF0EB2-5FFC-4A0B-B59D-E7E52798E5DE}.Release|x64.Build.0 = Release|x64
		{E0BF0EB2-5FFC-4A0B-B59D-E7E52798E5DE}.Release|x86.ActiveCfg = Release|Win32
		{E0BF0EB2-5FFC-4A0B-B59D-E7E52798E5DE}.Release|x86.Build.0 = Release|Win32
		{71D5C5DC-8067-400A-89A9-B1E5EEE7567D}.Debug|x64.ActiveCfg = Debug|x64
		{71D5C5DC-8067-400A-89A9-B1E5EEE7567D}.Debug|x64.Build.0 = Debug|x64
		{71D5C5DC-8067-400A-89A9-B1E5EEE7567D}.Debug|x86.ActiveCfg = Debug|Win32
		{71D5C5DC-8067-400A-89A9-B1E5EEE7567D}.Debug|x86.Build.0 = Debug|Win32
		{71D5C5DC-8067-400A-89A9-B1E5EEE7567D}.Release|x64.ActiveCfg = Release|x64
		{71D5C5DC-8067-400A-89A9-B1E5EEE7567D}.Release|x64.Build.0 = Release|x64
		{71D5C5DC-8067-400A-89A9-B1E5EEE7567D}.Release|x86.ActiveCfg = Release|Win32
		{71D5C5DC-8067-400A-89A9-B1E5EEE7567D}.Release|x86.Build.0 = Release|Win32
		{C8C0F39A-A945-4915-9AFC-B3D8FC46CAE9}.Debug|x64.ActiveCfg = Debug|x64
		{C8C0F39A-A945-4915-9AFC-B3D8FC46CAE9}.Debug|x64.Build.0 = Debug|x64
		{C8C0F39A-A945-4915-9AFC-B3D8FC46CAE9}.Debug|x86.ActiveCfg = Debug|Win32
		{C8C0F39A-A945-4915-9AFC-B3D8FC46CAE9}.Debug|x86.Build.0 = Debug|Win32
		{C8C0F39A-A945-4915-9AFC-B3D8FC46CAE9}.Release|x64.ActiveCfg = Release|x64
		{C8C0F39A-A945-4915-9AFC-B3D8FC46CAE9}.Release|x64.Build.0 = Release|x64
		{C8C0F39A-A945-4915-9AFC-B3D8FC46CAE9}.Release|x86.ActiveCfg = Release|Win32
		{C8C0F39A-A945-4915-9AFC-B3D8FC46CAE9}.Release|x86.Build.0 = Release|Win32
		{42090EAC-E9AB-41D9-A6EB-8F2656ED6210}.Debug|x64.ActiveCfg = Debug|x64
		{42090EAC-E9AB-41D9-A6EB-8F2656ED6210}.Debug|x64.Build.0 = Debug|x64
		{42090EAC-E9AB-41D9-A6EB-8F2656ED6210}.Debug|x86.ActiveCfg = Debug|Win32
		{42090EAC-E9AB-41D9-A6EB-8F2656ED6210}.Debug|x86.Build.0 = Debug|Win32
		{42090EAC-E9AB-41D9-A6EB-8F2656ED6210}.Release|x64.ActiveCfg = Release|x64
		{42090EAC-E9AB-41D9-A6EB-8F2656ED6210}.Release|x64.Build.0 = Release|x64
		{42090EAC-E9AB-41D9-A6EB-8F2656ED6210}.Release|x86.ActiveCfg = Release|Win32
		{42090EAC-E9AB-41D9-A6EB-8F2656ED6210}.Release|x86.Build.0 = Release|Win32
		{29549B46-7866-455E-86D4-EBEB092FB6DE}.Debug|x64.ActiveCfg = Debug|x64
		{29549B46-7866-455E-86D4-EBEB092FB6DE}.Debug|x64.Build.0 = Debug|x64
		{29549B46-7866-455E-86D4-EBEB092FB6DE}.Debug|x86.ActiveCfg = Debug|Win32
		{29549B46-7866-455E-86D4-EBEB092FB6DE}.Debug|x86.Build.0 = Debug|Win32
		{29549B46-7866-455E-86D4-EBEB092FB6DE}.Release|x64.ActiveCfg = Release|x64
		{29549B46-7866-455E-86D4-EBEB092FB6DE}.Release|x64.Build.0 = Release|x64
		{29549B46-7866-455E-86D4-EBEB092FB6DE}.Release|x86.ActiveCfg = Release|Win32
		{29549B46-7866-455E-86D4-EBEB092FB6DE}.Release|x86.Build.0 = Release|Win32
		{ECFFA81E-4658-4A7D-AE63-4E24960FE17F}.Debug|x64.ActiveCfg = Debug|x64
		{ECFFA81E-4658-4A7D-AE63-4E24960FE17F}.Debug|x64.Build.0 = Debug|x64
		{ECFFA81E-4658-4A7D-AE63-4E24960FE17F}.Debug|x86.ActiveCfg = Debug|Win32
		{ECFFA81E-4658-4A7D-AE63-4E24960FE17F}.Debug|x86.Build.0 = Debug|Win32
		{ECFFA81E-4658-4A7D-AE63-4E24960FE17F}.Release|x64.ActiveCfg = Release|x64
		{ECFFA81E-4658-4A7D-AE63-4E24960FE17F}.Release|x64.Build.0 = Release|x64
		{ECFFA81E-4658-4A7D-AE63-4E24960FE17F}.Release|x86.ActiveCfg = Release|Win32
		{ECFFA81E-4658-4A7D-AE63-4E24960FE17F}.Release|x86.Build.0 = Release|Win32
		{ACD6878F-0B75-41E5-B671-58A4E1F5693E}.Debug|x64.ActiveCfg = Debug|x64
		{ACD6878F-0B75-41E5-B671-58A4E1F5693E}.Debug|x64.Build.0 = Debug|x64
		{ACD6878F-0B75-41E5-B671-58A4E1F5693E}.Debug|x86.ActiveCfg = Debug|Win32
		{ACD6878F-0B75-41E5-B671-58A4E1F5693E}.Debug|x86.Build.0 = Debug|Win32
		{ACD6878F-0B75-41E5-B671-58A4E1F5693E}.Release|x64.ActiveCfg = Release|x64
		{ACD6878F-0B75-41E5-B671-58A4E1F5693E}.Release|x64.Build.0 = Release|x64
		{ACD6878F-0B75-41E5-B671-58A4E1F5693E}.Release|x86.ActiveCfg = Release|Win32
		{ACD6878F-0B75-41E5-B671-58A4E1F5693E}.Release|x86.Build.0 = Release|Win32
		{69B15F55-4F82-442E-A729-62E4DF62A5B3}.Debug|x64.ActiveCfg = Debug|x64
		{69B15F55-4F82-442E-A729-62E4DF62A5B3}.Debug|x64.Build.0 = Debug|x64
		{69B15F55-4F82-442E-A729-62E4DF62A5B3}.Debug|x86.ActiveCfg = Debug|Win32
		{69B15F55-4F82-442E-A729-62E4DF62A5B3}.Debug|x86.Build.0 = Debug|Win32
		{69B15F55-4F82-442E-A729-62E4DF62A5B3}.Release|x64.ActiveCfg = Release|x64
		{69B15F55-4F82-442E-A729-62E4DF62A5B3}.Release|x64.Build.0 = Release|x64
		{69B15F55-4F82-442E-A729-62E4DF62A5B3}.Release|x86.ActiveCfg = Release|Win32
		{69B15F55-4F82-442E-A729-62E4DF62A5B3}.Release|x86.Build.0 = Release|Win32
		{05A0D838-C1BB-49E7-AD52-BD45F281FA8D}.Debug|x64.ActiveCfg = Debug|x64
		{05A0D838-C1BB-49E7-AD52-BD45F281FA8D}.Debug|x64.Build.0 = Debug|x64
		{05A0D838-C1BB-49E7-AD52-BD45F281FA8D}.Debug|x86.ActiveCfg = Debug|Win32
		{05A0D838-C1BB-49E7-AD52-BD45F281FA8D}.Debug|x86.Build.0 = Debug|Win32
		{05A0D838-C1BB-49E7-AD52-BD45F281FA8D}.Release|x64.ActiveCfg = Release|x64
		{05A0D838-C1BB-49E7-AD52-BD45F281FA8D}.Release|x64.Build.0 = Release|x64
		{05A0D838-C1BB-49E7-AD52-BD45F281FA8D}.Release|x86.ActiveCfg = Release|Win32
		{05A0D838-C1BB-49E7-AD52-BD45F281FA8D}.Release|x86.Build.0 = Release|Win32
		{E21E8021-9CD6-4FD0-808B-DA9421638CB1}.Debug|x64.ActiveCfg = Debug|x64
		{E21E8021-9CD6-4FD0-808B-DA9421638CB1}.Debug|x64.Build.0 = Debug|x64
		{E21E8021-9CD6-4FD0-808B-DA9421638CB1}.Debug|x86.ActiveCfg = Debug|Win32
		{E21E8021-9CD6-4FD0-808B-DA9421638CB1}.Debug|x86.Build.0 = Debug|Win32
		{E21E8021-9CD6-4FD0-808B-DA9421638CB1}.Release|x64.ActiveCfg = Release|x64
		{E21E8021-9CD6-4FD0-808B-DA9421638CB1}.Release|x64.Build.0 = Release|x64
		{E21E8021-9CD6-4FD0-808B-DA9421638CB1}.Release|x86.ActiveCfg = Release|Win32
		{E21E8021-9CD6-4FD0-808B-DA9421638CB1}.Release|x86.Build.0 = Release|Win32
		{EB017D2E-C2DD-429A-90BB-8AE94A07E6B7}.Debug|x64.ActiveCfg = Debug|x64
		{EB017D2E-C2DD-429A-90BB-8AE94A07E6B7}.Debug|x64.Build.0 = Debug|x64
		{EB017D2E-C2DD-429A-90BB-8AE94A07E6B7}.Debug|x86.ActiveCfg = Debug|Win32
		{EB017D2E-C2DD-429A-90BB-8AE94A07E6B7}.Debug|x86.Build.0 = Debug|Win32
		{EB017D2E-C2DD-429A-90BB-8AE94A07E6B7}.Release|x64.ActiveCfg = Release|x64
		{EB017D2E-C2DD-429A-90BB-8AE94A07E6B7}.Release|x64.Build.0 = Release|x64
		{EB017D2E-C2DD-429A-90BB-8AE94A07E6B7}.Release|x86.ActiveCfg = Release|Win32
		{EB017D2E-C2DD-429A-90BB-8AE94A07E6B7}.Release|x86.Build.0 = Release|Win32
		{411DE713-95DC-4E96-9ACB-817DB42DFDAA}.Debug|x64.ActiveCfg = Debug|x64
		{411DE713-95DC-4E96-9ACB-817DB42DFDAA}.Debug|x64.Build.0 = Debug|x64
		{411DE713-95DC-4E96-9ACB-817DB42DFDAA}.Debug|x86.ActiveCfg = Debug|Win32
		{411DE713-95DC-4E96-9ACB-817DB42DFDAA}.Debug|x86.Build.0 = Debug|Win32
		{411DE713-95DC-4E96-9ACB-817DB42DFDAA}.Release|x64.ActiveCfg = Release|x64
		{411DE713-95DC-4E96-9ACB-817DB42DFDAA}.Release|x64.Build.0 = Release|x64
		{411DE713-95DC-4E96-9ACB-817DB42DFDAA}.Release|x86.ActiveCfg = Release|Win32
		{411DE713-95DC-4E96-9ACB-817DB42DFDAA}.Release|x86.Build.0 = Release|Win32
		{13B5AEEA-0EF1-4C8B-B074-3AC90B83004E}.Debug|x64.ActiveCfg = Debug|x64
		{13B5AEEA-0EF1-4C8B-B074-3AC90B83004E}.Debug|x64.Build.0 = Debug|x64
		{13B5AEEA-0EF1-4C8B-B074-3AC90B83004E}.Debug|x86.ActiveCfg = Debug|Win32
		{13B5AEEA-0EF1-4C8B-B074-3AC90B83004E}.Debug|x86.Build.0 = Debug|Win32
		{13B5AEEA-0EF1-4C8B-B074-3AC90B83004E}.Release|x64.ActiveCfg = Release|x64
		{13B5AEEA-0EF1-4C8B-B074-3AC90B83004E}.Release|x64.Build.0 = Release|x64
		{13B5AEEA-0EF1-4C8B-B074-3AC90B83004E}.Release|x86.ActiveCfg = Release|Win32
		{13B5AEEA-0EF1-4C8B-B074-3AC90B83004E}.Release|x86.Build.0 = Release|Win32
		{EA6F69A9-4CCD-4C18-AFB3-3EE8082E9CF5}.Debug|x64.ActiveCfg = Debug|x64
		{EA6F69A9-4CCD-4C18-AFB3-3EE8082E9CF5}.Debug|x64.Build.0 = Debug|x64
		{EA6F69A9-4CCD-4C18-AFB3-3EE8082E9CF5}.Debug|x86.ActiveCfg = Debug|Win32
		{EA6F69A9-4CCD-4C18-AFB3-3EE8082E9CF5}.Debug|x86.Build.0 = Debug|Win32
		{EA6F69A9-4CCD-4C18-AFB3-3EE8082E9CF5}.Release|x64.ActiveCfg = Release|x64
		{EA6F69A9-4CCD-4C18-AFB3-3EE8082E9CF5}.Release|x64.Build.0 = Release|x64
		{EA6F69A9-4CCD-4C18-AFB3-3EE8082E9CF5}.Release|x86.ActiveCfg = Release|Win32
		{EA6F69A9-4CCD-4C18-AFB3-3EE8082E9CF5}.Release|x86.Build.0 = Release|Win32
		{EED56300-B1E8-4413-9F27-0C790E371D77}.Debug|x64.ActiveCfg = Debug|x64
		{EED56300-B1E8-4413-9F27-0C790E371D77}.Debug|x64.Build.0 = Debug|x64
		{EED56300-B1E8-4413-9F27-0C790E371D77}.Debug|x86.ActiveCfg = Debug|Win32
		{EED56300-B1E8-4413-9F27-0C790E371D77}.Debug|x86.Build.0 = Debug|Win32
		{EED56300-B1E8-4413-9F27-0C790E371D77}.Release|x64.ActiveCfg = Release|x64
		{EED56300-B1E8-4413-9F27-0C790E371D77}.Release|x64.Build.0 = Release|x64
		{EED56300-B1E8-4413-9F27-0C790E371D77}.Release|x86.ActiveCfg = Release|Win32
		{EED56300-B1E8-4413-9F27-0C790E371D77}.Release|x86.Build.0 = Release|Win32
		{0AAF92F1-B806-4134-A274-87CF81BAFF86}.Debug|x64.ActiveCfg = Debug|x64
		{0AAF92F1-B806-4134-A274-87CF81BAFF86}.Debug|x64.Build.0 = Debug|x64
		{0AAF92F1-B806-4134-A274-87CF81BAFF86}.Debug|x86.ActiveCfg = Debug|Win32
		{0AAF92F1-B806-4134-A274-87CF81BAFF86}.Debug|x86.Build.0 = Debug|Win32
		{0AAF92F1-B806-4134-A274-87CF81BAFF86}.Release|x64.ActiveCfg = Release|x64
		{0AAF92F1-B806-4134-A274-87CF81BAFF86}.Release|x64.Build.0 = Release|x64
		{0AAF92F1-B806-4134-A274-87CF81BAFF86}.Release|x86.ActiveCfg = Release|Win32
		{0AAF92F1-B806-4134-A274-87CF81BAFF86}.Release|x86.Build.0 = Release|Win32
		{9108AD8C-55C4-4E01-9E31-6009DE9F4BA7}.Debug|x64.ActiveCfg = Debug|x64
		{9108AD8C-55C4-4E01-9E31-6009DE9F4BA7}.Debug|x64.Build.0 = Debug|x64
		{9108AD8C-55C4-4E01-9E31-6009DE9F4BA7}.Debug|x86.ActiveCfg = Debug|Win32
		{9108AD8C-55C4-4E01-9E31-6009DE9F4BA7}.Debug|x86.Build.0 = Debug|Win32
		{9108AD8C-55C4-4E01-9E31-6009DE9F4BA7}.Release|x64.ActiveCfg = Release|x64
		{9108AD8C-55C4-4E01-9E31-6009DE9F4BA7}.Release|x64.Build.0 = Release|x64
		{9108AD8C-55C4-4E01-9E31-6009DE9F4BA7}.Release|x86.ActiveCfg = Release|Win32
		{9108AD8C-55C4-4E01-9E31-6009DE9F4BA7}.Release|x86.Build.0 = Release|Win32
		{51A129D6-B41D-4BEB-B99F-0D22BF76939B}.Debug|x64.ActiveCfg = Debug|x64
		{51A129D6-B41D-4BEB-B99F-0D22BF76939B}.Debug|x64.Build.0 = Debug|x64
		{51A129D6-B41D-4BEB-B99F-0D22BF76939B}.Debug|x86.ActiveCfg = Debug|Win32
		{51A129D6-B41D-4BEB-B99F-0D22BF76939B}.Debug|x86.Build.0 = Debug|Win32
		{51A129D6-B41D-4BEB-B99F-0D22BF76939B}.Release|x64.ActiveCfg = Release|x64
		{51A129D6-B41D-4BEB-B99F-0D22BF76939B}.Release|x64.Build.0 = Release|x64
		{51A129D6-B41D-4BEB-B99F-0D22BF76939B}.Release|x86.ActiveCfg = Release|Win32
		{51A129D6-B41D-4BEB-B99F-0D22BF76939B}.Release|x86.Build.0 = Release|Win32
		{CBA031E9-40BE-4C3C-918E-14C4027A877A}.Debug|x64.ActiveCfg = Debug|x64
		{CBA031E9-40BE-4C3C-918E-14C4027A877A}.Debug|x64.Build.0 = Debug|x64
		{CBA031E9-40BE-4C3C-918E-14C4027A877A}.Debug|x86.ActiveCfg = Debug|Win32
		{CBA031E9-40BE-4C3C-918E-14C4027A877A}.Debug|x86.Build.0 = Debug|Win32
		{CBA031E9-40BE-4C3C-918E-14C4027A877A}.Release|x64.ActiveCfg = Release|x64
		{CBA031E9-40BE-4C3C-918E-14C4027A877A}.Release|x64.Build.0 = Release|x64
		{CBA031E9-40BE-4C3C-918E-14C4027A877A}.Release|x86.ActiveCfg = Release|Win32
		{CBA031E9-40BE-4C3C-918E-14C4027A877A}.Release|x86.Build.0 = Release|Win32
		{459D2050-2452-4574-A543-4055C8D45614}.Debug|x64.ActiveCfg = Debug|x64
		{459D2050-2452-4574-A543-4055C8D45614}.Debug|x64.Build.0 = Debug|x64
		{459D2050-2452-4574-A543-4055C8D45614}.Debug|x86.ActiveCfg = Debug|Win32
		{459D2050-2452-4574-A543-4055C8D45614}.Debug|x86.Build.0 = Debug|Win32
		{459D2050-2452-4574-A543-4055C8D45614}.Release|x64.ActiveCfg = Release|x64
		{459D2050-2452-4574-A543-4055C8D45614}.Release|x64.Build.0 = Release|x64
		{459D2050-2452-4574-A543-4055C8D45614}.Release|x86.ActiveCfg = Release|Win32
		{459D2050-2452-4574-A543-4055C8D45614}.Release|x86.Build.0 = Release|Win32
		{F1B04B81-E5F6-4B80-8866-DAFE63B40CBF}.Debug|x64.ActiveCfg = Debug|x64
		{F1B04B81-E5F6-4B80-8866-DAFE63B40CBF}.Debug|x64.Build.0 = Debug|x64
		{F1B04B81-E5F6-4B80-8866-DAFE63B40CBF}.Debug|x86.ActiveCfg = Debug|Win32
		{F1B04B81-E5F6-4B80-8866-DAFE63B40CBF}.Debug|x86.Build.0 = Debug|Win32
		{F1B04B81-E5F6-4B80-8866-DAFE63B40CBF}.Release|x64.ActiveCfg = Release|x64
		{F1B04B81-E5F6-4B80-8866-DAFE63B40CBF}.Release|x64.Build.0 = Release|x64
		{F1B04B81-E5F6-4B80-8866-DAFE63B40CBF}.Release|x86.ActiveCfg = Release|Win32
		{F1B04B81-E5F6-4B80-8866-DAFE63B40CBF}.Release|x86.Build.0 = Release|Win32
		{D346CB4D-7BEC-4D0B-9A0D-3CA24A8C2DBF}.Debug|x64.ActiveCfg = Debug|x64
		{D346CB4D-7BEC-4D0B-9A0D-3CA24A8C2DBF}.Debug|x64.Build.0 = Debug|x64
		{D346CB4D-7BEC-4D0B-9A0D-3CA24A8C2DBF}.Debug|x86.ActiveCfg = Debug|Win32
		{D346CB4D-7BEC-4D0B-9A0D-3CA24A8C2DBF}.Debug|x86.Build.0 = Debug|Win32
		{D346CB4D-7BEC-4D0B-9A0D-3CA24A8C2DBF}.Release|x64.ActiveCfg = Release|x64
		{D346CB4D-7BEC-4D0B-9A0D-3CA24A8C2DBF}.Release|x64.Build.0 = Release|x64
		{D346CB4D-7BEC-4D0B-9A0D-3CA24A8C2DBF}.Release|x86.ActiveCfg = Release|Win32
		{D346CB4D-7BEC-4D0B-9A0D-3CA24A8C2DBF}.Release|x86.Build.0 = Release|Win32
		{DD98CDBF-015A-4D6A-8759-F436ACA37E1F}.Debug|x64.ActiveCfg = Debug|x64
		{DD98CDBF-015A-4D6A-8759-F436ACA37E1F}.Debug|x64.Build.0 = Debug|x64
		{DD98CDBF-015A-4D6A-8759-F436ACA37E1F}.Debug|x86.ActiveCfg = Debug|Win32
		{DD98CDBF-015A-4D6A-8759-F436ACA37E1F}.Debug|x86.Build.0 = Debug|Win32
		{DD98CDBF-015A-4D6A-8759-F436ACA37E1F}.Release|x64.ActiveCfg = Release|x64
		{DD98CDBF-015A-4D6A-8759-F436ACA37E1F}.Release|x64.Build.0 = Release|x64
		{DD98CDBF-015A-4D6A-8759-F436ACA37E1F}.Release|x86.ActiveCfg = Release|Win32
		{DD98CDBF-015A-4D6A-8759-F436ACA37E1F}.Release|x86.Build.0 = Release|Win32
		{32B5A9E0-D01A-4D6C-BC6C-8D98BB529A9D}.Debug|x64.ActiveCfg = Debug|x64
		{32B5A9E0-D01A-4D6C-BC6C-8D98BB529A9D}.Debug|x64.Build.0 = Debug|x64
		{32B5A9E0-D01A-4D6C-BC6C-8D98BB529A9D}.Debug|x86.ActiveCfg = Debug|Win32
		{32B5A9E0-D01A-4D6C-BC6C-8D98BB529A9D}.Debug|x86.Build.0 = Debug|Win32
		{32B5A9E0-D01A-4D6C-BC6C-8D98BB529A9D}.Release|x64.ActiveCfg = Release|x64
		{32B5A9E0-D01A-4D6C-BC6C-8D98BB529A9D}.Release|x64.Build.0 = Release|x64
		{32B5A9E0-D01A-4D6C-BC6C-8D98BB529A9D}.Release|x86.ActiveCfg = Release|Win32
		{32B5A9E0-D01A-4D6C-BC6C-8D98BB529A9D}.Release|x86.Build.0 = Release|Win32
		{45840F28-5297-4A7D-B98E-A80EACCE1086}.Debug|x64.ActiveCfg = Debug|x64
		{45840F28-5297-4A7D-B98E-A80EACCE1086}.Debug|x64.Build.0 = Debug|x64
		{45840F28-5297-4A7D-B98E-A80EACCE1086}.Debug|x86.ActiveCfg = Debug|Win32
		{45840F28-5297-4A7D-B98E-A80EACCE1086}.Debug|x86.Build.0 = Debug|Win32
		{45840F28-5297-4A7D-B98E-A80EACCE1086}.Release|x64.ActiveCfg = Release|x64
		{45840F28-5297-4A7D-B98E-A80EACCE1086}.Release|x64.Build.0 = Release|x64
		{45840F28-5297-4A7D-B98E-A80EACCE1086}.Release|x86.ActiveCfg = Release|Win32
		{45840F28-5297-4A7D-B98E-A80EACCE1086}.Release|x86.Build.0 = Release|Win32
		{D204B3AE-5A7C-49C4-A996-6F9914807B36}.Debug|x64.ActiveCfg = Debug|x64
		{D204B3AE-5A7C-49C4-A996-6F9914807B36}.Debug|x64.Build.0 = Debug|x64
		{D204B3AE-5A7C-49C4-A996-6F9914807B36}.Debug|x86.ActiveCfg = Debug|Win32
		{D204B3AE-5A7C-49C4-A996-6F9914807B36}.Debug|x86.Build.0 = Debug|Win32
		{D204B3AE-5A7C-49C4-A996-6F9914807B36}.Release|x64.ActiveCfg = Release|x64
		{D204B3AE-5A7C-49C4-A996-6F9914807B36}.Release|x64.Build.0 = Release|x64
		{D204B3AE-5A7C-49C4-A996-6F9914807B36}.Release|x86.ActiveCfg = Release|Win32
		{D204B3AE-5A7C-49C4-A996-6F9914807B36}.Release|x86.Build.0 = Release|Win32
		{2BD27725-078D-44A5-858A-F0A29771F3A4}.Debug|x64.ActiveCfg = Debug|x64
		{2BD27725-078D-44A5-858A-F0A29771F3A4}.Debug|x64.Build.0 = Debug|x64
		{2BD27725-078D-44A5-858A-F0A29771F3A4}.Debug|x86.ActiveCfg = Debug|Win32
		{2BD27725-078D-44A5-858A-F0A29771F3A4}.Debug|x86.Build.0 = Debug|Win32
		{2BD27725-078D-44A5-858A-F0A29771F3A4}.Release|x64.ActiveCfg = Release|x64
		{2BD27725-078D-44A5-858A-F0A29771F3A4}.Release|x64.Build.0 = Release|x64
		{2BD27725-078D-44A5-858A-F0A29771F3A4}.Release|x86.ActiveCfg = Release|Win32
		{2BD27725-078D-44A5-858A-F0A29771F3A4}.Release|x86.Build.0 = Release|Win32
		{02D37050-61BE-4BE2-B8F3-E775EFDDD06F}.Debug|x64.ActiveCfg = Debug|x64
		{02D37050-61BE-4BE2-B8F3-E775EFDDD06F}.Debug|x64.Build.0 = Debug|x64
		{02D37050-61BE-4BE2-B8F3-E775EFDDD06F}.Debug|x86.ActiveCfg = Debug|Win32
		{02D37050-61BE-4BE2-B8F3-E775EFDDD06F}.Debug|x86.Build.0 = Debug|Win32
		{02D37050-61BE-4BE2-B8F3-E775EFDDD06F}.Release|x64.ActiveCfg = Release|x64
		{02D37050-61BE-4BE2-B8F3-E775EFDDD06F}.Release|x64.Build.0 = Release|x64
		{02D37050-61BE-4BE2-B8F3-E775EFDDD06F}.Release|x86.ActiveCfg = Release|Win32
		{02D37050-61BE-4BE2-B8F3-E775EFDDD06F}.Release|x86.Build.0 = Release|Win32
		{6989FB09-D8BA-45C1-AA04-A7414AEAE86D}.Debug|x64.ActiveCfg = Debug|x64
		{6989FB09-D8BA-45C1-AA04-A7414AEAE86D}.Debug|x64.Build.0 = Debug|x64
		{6989FB09-D8BA-45C1-AA04-A7414AEAE86D}.Debug|x86.ActiveCfg = Debug|Win32
		{6989FB09-D8BA-45C1-AA04-A7414AEAE86D}.Debug|x86.Build.0 = Debug|Win32
		{6989FB09-D8BA-45C1-AA04-A7414AEAE86D}.Release|x64.ActiveCfg = Release|x64
		{6989FB09-D8BA-45C1-AA04-A7414AEAE86D}.Release|x64.Build.0 = Release|x64
		{6989FB09-D8BA-45C1-AA04-A7414AEAE86D}.Release|x86.ActiveCfg = Release|Win32
		{6989FB09-D8BA-45C1-AA04-A7414AEAE86D}.Release|x86.Build.0 = Release|Win32
		{02A7FD0E-25E1-4681-B1F0-17C138FF8EC2}.Debug|x64.ActiveCfg = Debug|x64
		{02A7FD0E-25E1-4681-B1F0-17C138FF8EC2}.Debug|x64.Build.0 = Debug|x64
		{02A7FD0E-25E1-4681-B1F0-17C138FF8EC2}.Debug|x86.ActiveCfg = Debug|Win32
		{02A7FD0E-25E1-4681-B1F0-17C138FF8EC2}.Debug|x86.Build.0 = Debug|Win32
		{02A7FD0E-25E1-4681-B1F0-17C138FF8EC2}.Release|x64.ActiveCfg = Release|x64
		{02A7FD0E-25E1-4681-B1F0-17C138FF8EC2}.Release|x64.Build.0 = Release|x64
		{02A7FD0E-25E1-4681-B1F0-17C138FF8EC2}.Release|x86.ActiveCfg = Release|Win32
		{02A7FD0E-25E1-4681-B1F0-17C138FF8EC2}.Release|x86.Build.0 = Release|Win32
		{CE136175-784B-4CB5-A9C6-6C90EB1CBB6C}.Debug|x64.ActiveCfg = Debug|x64
		{CE136175-784B-4CB5-A9C6-6C90EB1CBB6C}.Debug|x64.Build.0 = Debug|x64
		{CE136175-784B-4CB5-A9C6-6C90EB1CBB6C}.Debug|x86.ActiveCfg = Debug|Win32
		{CE136175-784B-4CB5-A9C6-6C90EB1CBB6C}.Debug|x86.Build.0 = Debug|Win32
		{CE136175-784B-4CB5-A9C6-6C90EB1CBB6C}.Release|x64.ActiveCfg = Release|x64
		{CE136175-784B-4CB5-A9C6-6C90EB1CBB6C}.Release|x64.Build.0 = Release|x64
		{CE136175-784B-4CB5-A9C6-6C90EB1CBB6C}.Release|x86.ActiveCfg = Release|Win32
		{CE136175-784B-4CB5-A9C6-6C90EB1CBB6C}.Release|x86.Build.0 = Release|Win32
		{818DE070-5836-4D00-86E1-9D9E315AA5F5}.Debug|x64.ActiveCfg = Debug|x64
		{818DE070-5836-4D00-86E1-9D9E315AA5F5}.Debug|x64.Build.0 = Debug|x64
		{818DE070-5836-4D00-86E1-9D9E315AA5F5}.Debug|x86.ActiveCfg = Debug|Win32
		{818DE070-5836-4D00-86E1-9D9E315AA5F5}.Debug|x86.Build.0 = Debug|Win32
		{818DE070-5836-4D00-86E1-9D9E315AA5F5}.Release|x64.ActiveCfg = Release|x64
		{818DE070-5836-4D00-86E1-9D9E315AA5F5}.Release|x64.Build.0 = Release|x64
		{818DE070-5836-4D00-86E1-9D9E315AA5F5}.Release|x86.ActiveCfg = Release|Win32
		{818DE070-5836-4D00-86E1-9D9E315AA5F5}.Release|x86.Build.0 = Release|Win32
		{550D8057-3C39-4A8C-B8B8-AE91C6E1E598}.Debug|x64.ActiveCfg = Debug|x64
		{550D8057-3C39-4A8C-B8B8-AE91C6E1E598}.Debug|x64.Build.0 = Debug|x64
		{550D8057-3C39-4A8C-B8B8-AE91C6E1E598}.Debug|x86.ActiveCfg = Debug|Win32
		{550D8057-3C39-4A8C-B8B8-AE91C6E1E598}.Debug|x86.Build.0 = Debug|Win32
		{550D8057-3C39-4A8C-B8B8-AE91C6E1E598}.Release|x64.ActiveCfg = Release|x64
		{550D8057-3C39-4A8C-B8B8-AE91C6E1E598}.Release|x64.Build.0 = Release|x64
		{550D8057-3C39-4A8C-B8B8-AE91C6E1E598}.Release|x86.ActiveCfg = Release|Win32
		{550D8057-3C39-4A8C-B8B8-AE91C6E1E598}.Release|x86.Build.0 = Release|Win32
		{3A92A596-1616-48CA-93A9-1C89FBD06BC5}.Debug|x64.ActiveCfg = Debug|x64
		{3A92A596-1616-48CA-93A9-1C89FBD06BC5}.Debug|x64.Build.0 = Debug|x64
		{3A92A596-1616-48CA-93A9-1C89FBD06BC5}.Debug|x86.ActiveCfg = Debug|Win32
		{3A92A596-1616-48CA-93A9-1C89FBD06BC5}.Debug|x86.Build.0 = Debug|Win32
		{3A92A596-1616-48CA-93A9-1C89FBD06BC5}.Release|x64.ActiveCfg = Release|x64
		{3A92A596-1616-48CA-93A9-1C89FBD06BC5}.Release|x64.Build.0 = Release|x64
		{3A92A596-1616-48CA-93A9-1C89FBD06BC5}.Release|x86.ActiveCfg = Release|Win32
		{3A92A596-1616-48CA-93A9-1C89FBD06BC5}.Release|x86.Build.0 = Release|Win32
		{8F4B162C-E974-4656-84EC-6EF61CF0BB15}.Debug|x64.ActiveCfg = Debug|x64
		{8F4B162C-E974-4656-84EC-6EF61CF0BB15}.Debug|x64.Build.0 = Debug|x64
		{8F4B162C-E974-4656-84EC-6EF61CF0BB15}.Debug|x86.ActiveCfg = Debug|Win32
		{8F4B162C-E974-4656-84EC-6EF61CF0BB15}.Debug|x86.Build.0 = Debug|Win32
		{8F4B162C-E974-4656-84EC-6EF61CF0BB15}.Release|x64.ActiveCfg = Release|x64
		{8F4B162C-E974-4656-84EC-6EF61CF0BB15}.Release|x64.Build.0 = Release|x64
		{8F4B162C-E974-4656-84EC-6EF61CF0BB15}.Release|x86.ActiveCfg = Release|Win32
		{8F4B162C-E974-4656-84EC-6EF61CF0BB15}.Release|x86.Build.0 = Release|Win32
		{92D9EF6E-FE8F-48F8-A0D4-D71A1772E972}.Debug|x64.ActiveCfg = Debug|x64
		{92D9EF6E-FE8F-48F8-A0D4-D71A1772E972}.Debug|x64.Build.0 = Debug|x64
		{92D9EF6E-FE8F-48F8-A0D4-D71A1772E972}.Debug|x86.ActiveCfg = Debug|Win32
		{92D9EF6E-FE8F-48F8-A0D4-D71A1772E972}.Debug|x86.Build.0 = Debug|Win32
		{92D9EF6E-FE8F-48F8-A0D4-D71A1772E972}.Release|x64.ActiveCfg = Release|x64
		{92D9EF6E-FE8F-48F8-A0D4-D71A1772E972}.Release|x64.Build.0 = Release|x64
		{92D9EF6E-FE8F-48F8-A0D4-D71A1772E972}.Release|x86.ActiveCfg = Release|Win32
		{92D9EF6E-FE8F-48F8-A0D4-D71A1772E972}.Release|x86.Build.0 = Release|Win32
		{AAD3F04A-2DE4-4C2A-BE12-6466830D0B2A}.Debug|x64.ActiveCfg = Debug|x64
		{AAD3F04A-2DE4-4C2A-BE12-6466830D0B2A}.Debug|x64.Build.0 = Debug|x64
		{AAD3F04A-2DE4-4C2A-BE12-6466830D0B2A}.Debug|x86.ActiveCfg = Debug|Win32
		{AAD3F04A-2DE4-4C2A-BE12-6466830D0B2A}.Debug|x86.Build.0 = Debug|Win32
		{AAD3F04A-2DE4-4C2A-BE12-6466830D0B2A}.Release|x64.ActiveCfg = Release|x64
		{AAD3F04A-2DE4-4C2A-BE12-6466830D0B2A}.Release|x64.Build.0 = Release|x64
		{AAD3F04A-2DE4-4C2A-BE12-6466830D0B2A}.Release|x86.ActiveCfg = Release|Win32
		{AAD3F04A-2DE4-4C2A-BE12-6466830D0B2A}.Release|x86.Build.0 = Release|Win32
		{C33E35C6-884F-4463-9758-7D9205B91F79}.Debug|x64.ActiveCfg = Debug|x64
		{C33E35C6-884F-4463-9758-7D9205B91F79}.Debug|x64.Build.0 = Debug|x64
		{C33E35C6-884F-4463-9758-7D9205B91F79}.Debug|x86.ActiveCfg = Debug|Win32
		{C33E35C6-884F-4463-9758-7D9205B91F79}.Debug|x86.Build.0 = Debug|Win32
		{C33E35C6-884F-4463-9758-7D9205B91F79}.Release|x64.ActiveCfg = Release|x64
		{C33E35C6-884F-4463-9758-7D9205B91F79}.Release|x64.Build.0 = Release|x64
		{C33E35C6-884F-4463-9758-7D9205B91F79}.Release|x86.ActiveCfg = Release|Win32
		{C33E35C6-884F-4463-9758-7D9205B91F79}.Release|x86.Build.0 = Release|Win32
		{CB392427-81AF-481B-A85E-58B5B4B45952}.Debug|x64.ActiveCfg = Debug|x64
		{CB392427-81AF-481B-A85E-58B5B4B45952}.Debug|x64.Build.0 = Debug|x64
		{CB392427-81AF-481B-A85E-58B5B4B45952}.Debug|x86.ActiveCfg = Debug|Win32
		{CB392427-81AF-481B-A85E-58B5B4B45952}.Debug|x86.Build.0 = Debug|Win32
		{CB392427-81AF-481B-A85E-58B5B4B45952}.Release|x64.ActiveCfg = Release|x64
		{CB392427-81AF-481B-A85E-58B5B4B45952}.Release|x64.Build.0 = Release|x64
		{CB392427-81AF-481B-A85E-58B5B4B45952}.Release|x86.ActiveCfg = Release|Win32
		{CB392427-81AF-481B-A85E-58B5B4B45952}.Release|x86.Build.0 = Release|Win32
		{7BAE0612-5E03-49F2-B2D5-9378A158DCA5}.Debug|x64.ActiveCfg = Debug|x64
		{7BAE0612-5E03-49F2-B2D5-9378A158DCA5}.Debug|x64.Build.0 = Debug|x64
		{7BAE0612-5E03-49F2-B2D5-9378A158DCA5}.Debug|x86.ActiveCfg = Debug|Win32
		{7BAE0612-5E03-49F2-B2D5-9378A158DCA5}.Debug|x86.Build.0 = Debug|Win32
		{7BAE0612-5E03-49F2-B2D5-9378A158DCA5}.Release|x64.ActiveCfg = Release|x64
		{7BAE0612-5E03-49F2-B2D5-9378A158DCA5}.Release|x64.Build.0 = Release|x64
		{7BAE0612-5E03-49F2-B2D5-9378A158DCA5}.Release|x86.ActiveCfg = Release|Win32
		{7BAE0612-5E03-49F2-B2D5-9378A158DCA5}.Release|x86.Build.0 = Release|Win32
		{FC1703A3-3390-4998-8BBF-ED0D4880F1DC}.Debug|x64.ActiveCfg = Debug|x64
		{FC1703A3-3390-4998-8BBF-ED0D4880F1DC}.Debug|x64.Build.0 = Debug|x64
		{FC1703A3-3390-4998-8BBF-ED0D4880F1DC}.Debug|x86.ActiveCfg = Debug|Win32
		{FC1703A3-3390-4998-8BBF-ED0D4880F1DC}.Debug|x86.Build.0 = Debug|Win32
		{FC1703A3-3390-4998-8BBF-ED0D4880F1DC}.Release|x64.ActiveCfg = Release|x64
		{FC1703A3-3390-4998-8BBF-ED0D4880F1DC}.Release|x64.Build.0 = Release|x64
		{FC1703A3-3390-4998-8BBF-ED0D4880F1DC}.Release|x86.ActiveCfg = Release|Win32
		{FC1703A3-3390-4998-8BBF-ED0D4880F1DC}.Release|x86.Build.0 = Release|Win32
		{C58D9F43-68E8-42D3-9411-EE61B6AD1713}.Debug|x64.ActiveCfg = Debug|x64
		{C58D9F43-68E8-42D3-9411-EE61B6AD1713}.Debug|x64.Build.0 = Debug|x64
		{C58D9F43-68E8-42D3-9411-EE61B6AD1713}.Debug|x86.ActiveCfg = Debug|Win32
		{C58D9F43-68E8-42D3-9411-EE61B6AD1713}.Debug|x86.Build.0 = Debug|Win32
		{C58D9F43-68E8-42D3-9411-EE61B6AD1713}.Release|x64.ActiveCfg = Release|x64
		{C58D9F43-68E8-42D3-9411-EE61B6AD1713}.Release|x64.Build.0 = Release|x64
		{C58D9F43-68E8-42D3-9411-EE61B6AD1713}.Release|x86.ActiveCfg = Release|Win32
		{C58D9F43-68E8-42D3-9411-EE61B6AD1713}.Release|x86.Build.0 = Release|Win32
		{DA895DD8-75F0-4B4D-A8F4-B1AE504E18F6}.Debug|x64.ActiveCfg = Debug|x64
		{DA895DD8-75F0-4B4D-A8F4-B1AE504E18F6}.Debug|x64.Build.0 = Debug|x64
		{DA895DD8-75F0-4B4D-A8F4-B1AE504E18F6}.Debug|x86.ActiveCfg = Debug|Win32
		{DA895DD8-75F0-4B4D-A8F4-B1AE504E18F6}.Debug|x86.Build.0 = Debug|Win32
		{DA895DD8-75F0-4B4D-A8F4-B1AE504E18F6}.Release|x64.ActiveCfg = Release|x64
		{DA895DD8-75F0-4B4D-A8F4-B1AE504E18F6}.Release|x64.Build.0 = Release|x64
		{DA895DD8-75F0-4B4D-A8F4-B1AE504E18F6}.Release|x86.ActiveCfg = Release|Win32
		{DA895DD8-75F0-4B4D-A8F4-B1AE504E18F6}.Release|x86.Build.0 = Release|Win32
		{36E12344-1073-4058-9685-423B572B1EC2}.Debug|x64.ActiveCfg = Debug|x64
		{36E12344-1073-4058-9685-423B572B1EC2}.Debug|x64.Build.0 = Debug|x64
		{36E12344-1073-4058-9685-423B572B1EC2}.Debug|x86.ActiveCfg = Debug|Win32
		{36E12344-1073-4058-9685-423B572B1EC2}.Debug|x86.Build.0 = Debug|Win32
		{36E12344-1073-4058-9685-423B572B1EC2}.Release|x64.ActiveCfg = Release|x64
		{36E12344-1073-4058-9685-423B572B1EC2}.Release|x64.Build.0 = Release|x64
		{36E12344-1073-4058-9685-423B572B1EC2}.Release|x86.ActiveCfg = Release|Win32
		{36E12344-1073-4058-9685-423B572B1EC2}.Release|x86.Build.0 = Release|Win32
		{1D24BBFC-692D-4371-92B2-16573D56B69B}.Debug|x64.ActiveCfg = Debug|x64
		{1D24BBFC-692D-4371-92B2-16573D56B69B}.Debug|x64.Build.0 = Debug|x64
		{1D24BBFC-692D-4371-92B2-16573D56B69B}.Debug|x86.ActiveCfg = Debug|Win32
		{1D24BBFC-692D-4371-92B2-16573D56B69B}.Debug|x86.Build.0 = Debug|Win32
		{1D24BBFC-692D-4371-92B2-16573D56B69B}.Release|x64.ActiveCfg = Release|x64
		{1D24BBFC-692D-4371-92B2-16573D56B69B}.Release|x64.Build.0 = Release|x64
		{1D24BBFC-692D-4371-92B2-16573D56B69B}.Release|x86.ActiveCfg = Release|Win32
		{1D24BBFC-692D-4371-92B2-16573D56B69B}.Release|x86.Build.0 = Release|Win32
		{7A6C002D-FC79-4387-8049-BB9AA2E3BD51}.Debug|x64.ActiveCfg = Debug|x64
		{7A6C002D-FC79-4387-8049-BB9AA2E3BD51}.Debug|x64.Build.0 = Debug|x64
		{7A6C002D-FC79-4387-8049-BB9AA2E3BD51}.Debug|x86.ActiveCfg = Debug|Win32
		{7A6C002D-FC79-4387-8049-BB9AA2E3BD51}.Debug|x86.Build.0 = Debug|Win32
		{7A6C002D-FC79-4387-8049-BB9AA2E3BD51}.Release|x64.ActiveCfg = Release|x64
		{7A6C002D-FC79-4387-8049-BB9AA2E3BD51}.Release|x64.Build.0 = Release|x64
		{7A6C002D-FC79-4387-8049-BB9AA2E3BD51}.Release|x86.ActiveCfg = Release|Win32
		{7A6C002D-FC79-4387-8049-BB9AA2E3BD51}.Release|x86.Build.0 = Release|Win32
		{398B9385-5983-44CB-925F-F45CB8C3329D}.Debug|x64.ActiveCfg = Debug|x64
		{398B9385-5983-44CB-925F-F45CB8C3329D}.Debug|x64.Build.0 = Debug|x64
		{398B9385-5983-44CB-925F-F45CB8C3329D}.Debug|x86.ActiveCfg = Debug|Win32
		{398B9385-5983-44CB-925F-F45CB8C3329D}.Debug|x86.Build.0 = Debug|Win32
		{398B9385-5983-44CB-925F-F45CB8C3329D}.Release|x64.ActiveCfg = Release|x64
		{398B9385-5983-44CB-925F-F45CB8C3329D}.Release|x64.Build.0 = Release|x64
		{398B9385-5983-44CB-925F-F45CB8C3329D}.Release|x86.ActiveCfg = Release|Win32
		{398B9385-5983-44CB-925F-F45CB8C3329D}.Release|x86.Build.0 = Release|Win32
		{1B55E77D-01DD-478F-8432-36A09FEF3035}.Debug|x64.ActiveCfg = Debug|x64
		{1B55E77D-01DD-478F-8432-36A09FEF3035}.Debug|x64.Build.0 = Debug|x64
		{1B55E77D-01DD-478F-8432-36A09FEF3035}.Debug|x86.ActiveCfg = Debug|Win32
		{1B55E77D-01DD-478F-8432-36A09FEF3035}.Debug|x86.Build.0 = Debug|Win32
		{1B55E77D-01DD-478F-8432-36A09FEF3035}.Release|x64.ActiveCfg = Release|x64
		{1B55E77D-01DD-478F-8432-36A09FEF3035}.Release|x64.Build.0 = Release|x64
		{1B55E77D-01DD-478F-8432-36A09FEF3035}.Release|x86.ActiveCfg = Release|Win32
		{1B55E77D-01DD-478F-8432-36A09FEF3035}.Release|x86.Build.0 = Release|Win32
		{32459804-135D-4C23-8777-C4BDA8BB21C2}.Debug|x64.ActiveCfg = Debug|x64
		{32459804-135D-4C23-8777-C4BDA8BB21C2}.Debug|x64.Build.0 = Debug|x64
		{32459804-135D-4C23-8777-C4BDA8BB21C2}.Debug|x86.ActiveCfg = Debug|Win32
		{32459804-135D-4C23-8777-C4BDA8BB21C2}.Debug|x86.Build.0 = Debug|Win32
		{32459804-135D-4C23-8777-C4BDA8BB21C2}.Release|x64.ActiveCfg = Release|x64
		{32459804-135D-4C23-8777-C4BDA8BB21C2}.Release|x64.Build.0 = Release|x64
		{32459804-135D-4C23-8777-C4BDA8BB21C2}.Release|x86.ActiveCfg = Release|Win32
		{32459804-135D-4C23-8777-C4BDA8BB21C2}.Release|x86.Build.0 = Release|Win32
		{F7CD3792-D2F2-4C3B-A6A9-4E50C77572A6}.Debug|x64.ActiveCfg = Debug|x64
		{F7CD3792-D2F2-4C3B-A6A9-4E50C77572A6}.Debug|x64.Build.0 = Debug|x64
		{F7CD3792-D2F2-4C3B-A6A9-4E50C77572A6}.Debug|x86.ActiveCfg = Debug|Win32
		{F7CD3792-D2F2-4C3B-A6A9-4E50C77572A6}.Debug|x86.Build.0 = Debug|Win32
		{F7CD3792-D2F2-4C3B-A6A9-4E50C77572A6}.Release|x64.ActiveCfg = Release|x64
		{F7CD3792-D2F2-4C3B-A6A9-4E50C77572A6}.Release|x64.Build.0 = Release|x64
		{F7CD3792-D2F2-4C3B-A6A9-4E50C77572A6}.Release|x86.ActiveCfg = Release|Win32
		{F7CD3792-D2F2-4C3B-A6A9-4E50C77572A6}.Release|x86.Build.0 = Release|Win32
		{1E5BFBEA-7303-4CC0-9727-8D6151B45B93}.Debug|x64.ActiveCfg = Debug|x64
		{1E5BFBEA-7303-4CC0-9727-8D6151B45B93}.Debug|x64.Build.0 = Debug|x64
		{1E5BFBEA-7303-4CC0-9727-8D6151B45B93}.Debug|x86.ActiveCfg = Debug|Win32
		{1E5BFBEA-7303-4CC0-9727-8D6151B45B93}.Debug|x86.Build.0 = Debug|Win32
		{1E5BFBEA-7303-4CC0-9727-8D6151B45B93}.Release|x64.ActiveCfg = Release|x64
		{1E5BFBEA-7303-4CC0-9727-8D6151B45B93}.Release|x64.Build.0 = Release|x64
		{1E5BFBEA-7303-4CC0-9727-8D6151B45B93}.Release|x86.ActiveCfg = Release|Win32
		{1E5BFBEA-7303-4CC0-9727-8D6151B45B93}.Release|x86.Build.0 = Release|Win32
		{130EE47E-1AFA-47DE-B422-2D65CBA07A56}.Debug|x64.ActiveCfg = Debug|x64
		{130EE47E-1AFA-47DE-B422-2D65CBA07A56}.Debug|x64.Build.0 = Debug|x64
		{130EE47E-1AFA-47DE-B422-2D65CBA07A56}.Debug|x86.ActiveCfg = Debug|Win32
		{130EE47E-1AFA-47DE-B422-2D65CBA07A56}.Debug|x86.Build.0 = Debug|Win32
		{130EE47E-1AFA-47DE-B422-2D65CBA07A56}.Release|x64.ActiveCfg = Release|x64
		{130EE47E-1AFA-47DE-B422-2D65CBA07A56}.Release|x64.Build.0 = Release|x64
		{130EE47E-1AFA-47DE-B422-2D65CBA07A56}.Release|x86.ActiveCfg = Release|Win32
		{130EE47E-1AFA-47DE-B422-2D65CBA07A56}.Release|x86.Build.0 = Release|Win32
		{22F75036-7BC4-422F-AEF4-091A858007F4}.Debug|x64.ActiveCfg = Debug|x64
		{22F75036-7BC4-422F-AEF4-091A858007F4}.Debug|x64.Build.0 = Debug|x64
		{22F75036-7BC4-422F-AEF4-091A858007F4}.Debug|x86.ActiveCfg = Debug|Win32
		{22F75036-7BC4-422F-AEF4-091A858007F4}.Debug|x86.Build.0 = Debug|Win32
		{22F75036-7BC4-422F-AEF4-091A858007F4}.Release|x64.ActiveCfg = Release|x64
		{22F75036-7BC4-422F-AEF4-091A858007F4}.Release|x64.Build.0 = Release|x64
		{22F75036-7BC4-422F-AEF4-091A858007F4}.Release|x86.ActiveCfg = Release|Win32
		{22F75036-7BC4-422F-AEF4-091A858007F4}.Release|x86.Build.0 = Release|Win32
		{C218C3BC-9A7D-4C4D-8D08-C5914AF1D1DE}.Debug|x64.ActiveCfg = Debug|x64
		{C218C3BC-9A7D-4C4D-8D08-C5914AF1D1DE}.Debug|x64.Build.0 = Debug|x64
		{C218C3BC-9A7D-4C4D-8D08-C5914AF1D1DE}.Debug|x86.ActiveCfg = Debug|Win32
		{C218C3BC-9A7D-4C4D-8D08-C5914AF1D1DE}.Debug|x86.Build.0 = Debug|Win32
		{C218C3BC-9A7D-4C4D-8D08-C5914AF1D1DE}.Release|x64.ActiveCfg = Release|x64
		{C218C3BC-9A7D-4C4D-8D08-C5914AF1D1DE}.Release|x64.Build.0 = Release|x64
		{C218C3BC-9A7D-4C4D-8D08-C5914AF1D1DE}.Release|x86.ActiveCfg = Release|Win32
		{C218C3BC-9A7D-4C4D-8D08-C5914AF1D1DE}.Release|x86.Build.0 = Release|Win32
		{EB4C96CA-AFB1-47BF-B389-59711C6CB060}.Debug|x64.ActiveCfg = Debug|x64
		{EB4C96CA-AFB1-47BF-B389-59711C6CB060}.Debug|x64.Build.0 = Debug|x64
		{EB4C96CA-AFB1-47BF-B389-59711C6CB060}.Debug|x86.ActiveCfg = Debug|Win32
		{EB4C96CA-AFB1-47BF-B389-59711C6CB060}.Debug|x86.Build.0 = Debug|Win32
		{EB4C96CA-AFB1-47BF-B389-59711C6CB060}.Release|x64.ActiveCfg = Release|x64
		{EB4C96CA-AFB1-47BF-B389-59711C6CB060}.Release|x64.Build.0 = Release|x64
		{EB4C96CA-AFB1-47BF-B389-59711C6CB060}.Release|x86.ActiveCfg = Release|Win32
		{EB4C96CA-AFB1-47BF-B389-59711C6CB060}.Release|x86.Build.0 = Release|Win32
		{AA1AE9EF-F3A4-4AA1-B7DA-092F677A4745}.Debug|x64.ActiveCfg = Debug|x64
		{AA1AE9EF-F3A4-4AA1-B7DA-092F677A4745}.Debug|x64.Build.0 = Debug|x64
		{AA1AE9EF-F3A4-4AA1-B7DA-092F677A4745}.Debug|x86.ActiveCfg = Debug|Win32
		{AA1AE9EF-F3A4-4AA1-B7DA-092F677A4745}.Debug|x86.Build.0 = Debug|Win32
		{AA1AE9EF-F3A4-4AA1-B7DA-092F677A4745}.Release|x64.ActiveCfg = Release|x64
		{AA1AE9EF-F3A4-4AA1-B7DA-092F677A4745}.Release|x64.Build.0 = Release|x64
		{AA1AE9EF-F3A4-4AA1-B7DA-092F677A4745}.Release|x86.ActiveCfg = Release|Win32
		{AA1AE9EF-F3A4-4AA1-B7DA-092F677A4745}.Release|x86.Build.0 = Release|Win32
		{7B11D6BE-F5E5-411D-B922-035EDDBFAF8C}.Debug|x64.ActiveCfg = Debug|x64
		{7B11D6BE-F5E5-411D-B922-035EDDBFAF8C}.Debug|x64.Build.0 = Debug|x64
		{7B11D6BE-F5E5-411D-B922-035EDDBFAF8C}.Debug|x86.ActiveCfg = Debug|Win32
		{7B11D6BE-F5E5-411D-B922-035EDDBFAF8C}.Debug|x86.Build.0 = Debug|Win32
		{7B11D6BE-F5E5-411D-B922-035EDDBFAF8C}.Release|x64.ActiveCfg = Release|x64
		{7B11D6BE-F5E5-411D-B922-035EDDBFAF8C}.Release|x64.Build.0 = Release|x64
		{7B11D6BE-F5E5-411D-B922-035EDDBFAF8C}.Release|x86.ActiveCfg = Release|Win32
		{7B11D6BE-F5E5-411D-B922-035EDDBFAF8C}.Release|x86.Build.0 = Release|Win32
		{E62C1912-EE14-480C-874D-1F33FCE2E8F3}.Debug|x64.ActiveCfg = Debug|x64
		{E62C1912-EE14-480C-874D-1F33FCE2E8F3}.Debug|x64.Build.0 = Debug|x64
		{E62C1912-EE14-480C-874D-1F33FCE2E8F3}.Debug|x86.ActiveCfg = Debug|Win32
		{E62C1912-EE14-480C-874D-1F33FCE2E8F3}.Debug|x86.Build.0 = Debug|Win32
		{E62C1912-EE14-480C-874D-1F33FCE2E8F3}.Release|x64.ActiveCfg = Release|x64
		{E62C1912-EE14-480C-874D-1F33FCE2E8F3}.Release|x64.Build.0 = Release|x64
		{E62C1912-EE14-480C-874D-1F33FCE2E8F3}.Release|x86.ActiveCfg = Release|Win32
		{E62C1912-EE14-480C-874D-1F33FCE2E8F3}.Release|x86.Build.0 = Release|Win32
		{166F8236-663E-482E-A87B-8564B83DE377}.Debug|x64.ActiveCfg = Debug|x64
		{166F8236-663E-482E-A87B-8564B83DE377}.Debug|x64.Build.0 = Debug|x64
		{166F8236-663E-482E-A87B-8564B83DE377}.Debug|x86.ActiveCfg = Debug|Win32
		{166F8236-663E-482E-A87B-8564B83DE377}.Debug|x86.Build.0 = Debug|Win32
		{166F8236-663E-482E-A87B-8564B83DE377}.Release|x64.ActiveCfg = Release|x64
		{166F8236-663E-482E-A87B-8564B83DE377}.Release|x64.Build.0 = Release|x64
		{166F8236-663E-482E-A87B-8564B83DE377}.Release|x86.ActiveCfg = Release|Win32
		{166F8236-663E-482E-A87B-8564B83DE377}.Release|x86.Build.0 = Release|Win32
		{CF18613C-DF15-4964-A0BA-67F5C3635A00}.Debug|x64.ActiveCfg = Debug|x64
		{CF18613C-DF15-4964-A0BA-67F5C3635A00}.Debug|x64.Build.0 = Debug|x64
		{CF18613C-DF15-4964-A0BA-67F5C3635A00}.Debug|x86.ActiveCfg = Debug|Win32
		{CF18613C-DF15-4964-A0BA-67F5C3635A00}.Debug|x86.Build.0 = Debug|Win32
		{CF18613C-DF15-4964-A0BA-67F5C3635A00}.Release|x64.ActiveCfg = Release|x64
		{CF18613C-DF15-4964-A0BA-67F5C3635A00}.Release|x64.Build.0 = Release|x64
		{CF18613C-DF15-4964-A0BA-67F5C3635A00}.Release|x86.ActiveCfg = Release|Win32
		{CF18613C-DF15-4964-A0BA-67F5C3635A00}.Release|x86.Build.0 = Release|Win32
		{65920337-79BC-4939-ABBF-45EDE32B58D2}.Debug|x64.ActiveCfg = Debug|x64
		{65920337-79BC-4939-ABBF-45EDE32B58D2}.Debug|x64.Build.0 = Debug|x64
		{65920337-79BC-4939-ABBF-45EDE32B58D2}.Debug|x86.ActiveCfg = Debug|Win32
		{65920337-79BC-4939-ABBF-45EDE32B58D2}.Debug|x86.Build.0 = Debug|Win32
		{65920337-79BC-4939-ABBF-45EDE32B58D2}.Release|x64.ActiveCfg = Release|x64
		{65920337-79BC-4939-ABBF-45EDE32B58D2}.Release|x64.Build.0 = Release|x64
		{65920337-79BC-4939-ABBF-45EDE32B58D2}.Release|x86.ActiveCfg = Release|Win32
		{65920337-79BC-4939-ABBF-45EDE32B58D2}.Release|x86.Build.0 = Release|Win32
		{A3D46BF0-92BB-4413-A025-9ACEF6BB4B17}.Debug|x64.ActiveCfg = Debug|x64
		{A3D46BF0-92BB-4413-A025-9ACEF6BB4B17}.Debug|x64.Build.0 = Debug|x64
		{A3D46BF0-92BB-4413-A025-9ACEF6BB4B17}.Debug|x86.ActiveCfg = Debug|Win32
		{A3D46BF0-92BB-4413-A025-9ACEF6BB4B17}.Debug|x86.Build.0 = Debug|Win32
		{A3D46BF0-92BB-4413-A025-9ACEF6BB4B17}.Release|x64.ActiveCfg = Release|x64
		{A3D46BF0-92BB-4413-A025-9ACEF6BB4B17}.Release|x64.Build.0 = Release|x64
		{A3D46BF0-92BB-4413-A025-9ACEF6BB4B17}.Release|x86.ActiveCfg = Release|Win32
		{A3D46BF0-92BB-4413-A025-9ACEF6BB4B17}.Release|x86.Build.0 = Release|Win32
		{DCF06827-D659-46E0-8A2C-20538C63FF46}.Debug|x64.ActiveCfg = Debug|x64
		{DCF06827-D659-46E0-8A2C-20538C63FF46}.Debug|x64.Build.0 = Debug|x64
		{DCF06827-D659-46E0-8A2C-20538C63FF46}.Debug|x86.ActiveCfg = Debug|Win32
		{DCF06827-D659-46E0-8A2C-20538C63FF46}.Debug|x86.Build.0 = Debug|Win32
		{DCF06827-D659-46E0-8A2C-20538C63FF46}.Release|x64.ActiveCfg = Release|x64
		{DCF06827-D659-46E0-8A2C-20538C63FF46}.Release|x64.Build.0 = Release|x64
		{DCF06827-D659-46E0-8A2C-20538C63FF46}.Release|x86.ActiveCfg = Release|Win32
		{DCF06827-D659-46E0-8A2C-20538C63FF46}.Release|x86.Build.0 = Release|Win32
		{147EC964-DB4C-4EFF-AC87-2DFB838D0E78}.Debug|x64.ActiveCfg = Debug|x64
		{147EC964-DB4C-4EFF-AC87-2DFB838D0E78}.Debug|x64.Build.0 = Debug|x64
		{147EC964-DB4C-4EFF-AC87-2DFB838D0E78}.Debug|x86.ActiveCfg = Debug|Win32
		{147EC964-DB4C-4EFF-AC87-2DFB838D0E78}.Debug|x86.Build.0 = Debug|Win32
		{147EC964-DB4C-4EFF-AC87-2DFB838D0E78}.Release|x64.ActiveCfg = Release|x64
		{147EC964-DB4C-4EFF-AC87-2DFB838D0E78}.Release|x64.Build.0 = Release|x64
		{147EC964-DB4C-4EFF-AC87-2DFB838D0E78}.Release|x86.ActiveCfg = Release|Win32
		{147EC964-DB4C-4EFF-AC87-2DFB838D0E78}.Release|x86.Build.0 = Release|Win32
		{69FA5868-7830-4883-84E1-4556D40AF027}.Debug|x64.ActiveCfg = Debug|x64
		{69FA5868-7830-4883-84E1-4556D40AF027}.Debug|x64.Build.0 = Debug|x64
		{69FA5868-7830-4883-84E1-4556D40AF027}.Debug|x86.ActiveCfg = Debug|Win32
		{69FA5868-7830-4883-84E1-4556D40AF027}.Debug|x86.Build.0 = Debug|Win32
		{69FA5868-7830-4883-84E1-4556D40AF027}.Release|x64.ActiveCfg = Release|x64
		{69FA5868-7830-4883-84E1-4556D40AF027}.Release|x64.Build.0 = Release|x64
		{69FA5868-7830-4883-84E1-4556D40AF027}.Release|x86.ActiveCfg = Release|Win32
		{69FA5868-7830-4883-84E1-4556D40AF027}.Release|x86.Build.0 = Release|Win32
		{51079795-BAD6-4C2B-BC9E-514AA80F2A74}.Debug|x64.ActiveCfg = Debug|x64
		{51079795-BAD6-4C2B-BC9E-514AA80F2A74}.Debug|x64.Build.0 = Debug|x64
		{51079795-BAD6-4C2B-BC9E-514AA80F2A74}.Debug|x86.ActiveCfg = Debug|Win32
		{51079795-BAD6-4C2B-BC9E-514AA80F2A74}.Debug|x86.Build.0 = Debug|Win32
		{51079795-BAD6-4C2B-BC9E-514AA80F2A74}.Release|x64.ActiveCfg = Release|x64
		{51079795-BAD6-4C2B-BC9E-514AA80F2A74}.Release|x64.Build.0 = Release|x64
		{51079795-BAD6-4C2B-BC9E-514AA80F2A74}.Release|x86.ActiveCfg = Release|Win32
		{51079795-BAD6-4C2B-BC9E-514AA80F2A74}.Release|x86.Build.0 = Release|Win32
		{2283D15B-C531-4EB1-94D2-E59E56DCCAC8}.Debug|x64.ActiveCfg = Debug|x64
		{2283D15B-C531-4EB1-94D2-E59E56DCCAC8}.Debug|x64.Build.0 = Debug|x64
		{2283D15B-C531-4EB1-94D2-E59E56DCCAC8}.Debug|x86.ActiveCfg = Debug|Win32
		{2283D15B-C531-4EB1-94D2-E59E56DCCAC8}.Debug|x86.Build.0 = Debug|Win32
		{2283D15B-C531-4EB1-94D2-E59E56DCCAC8}.Release|x64.ActiveCfg = Release|x64
		{2283D15B-C531-4EB1-94D2-E59E56DCCAC8}.Release|x64.Build.0 = Release|x64
		{2283D15B-C531-4EB1-94D2-E59E56DCCAC8}.Release|x86.ActiveCfg = Release|Win32
		{2283D15B-C531-4EB1-94D2-E59E56DCCAC8}.Release|x86.Build.0 = Release|Win32
		{5FC1B0EE-8AE6-4A4C-BBC5-2CF18752FE52}.Debug|x64.ActiveCfg = Debug|x64
		{5FC1B0EE-8AE6-4A4C-BBC5-2CF18752FE52}.Debug|x64.Build.0 = Debug|x64
		{5FC1B0EE-8AE6-4A4C-BBC5-2CF18752FE52}.Debug|x86.ActiveCfg = Debug|Win32
		{5FC1B0EE-8AE6-4A4C-BBC5-2CF18752FE52}.Debug|x86.Build.0 = Debug|Win32
		{5FC1B0EE-8AE6-4A4C-BBC5-2CF18752FE52}.Release|x64.ActiveCfg = Release|x64
		{5FC1B0EE-8AE6-4A4C-BBC5-2CF18752FE52}.Release|x64.Build.0 = Release|x64
		{5FC1B0EE-8AE6-4A4C-BBC5-2CF18752FE52}.Release|x86.ActiveCfg = Release|Win32
		{5FC1B0EE-8AE6-4A4C-BBC5-2CF18752FE52}.Release|x86.Build.0 = Release|Win32
		{A2A99C45-D181-482C-B1DD-EA0336F77CB8}.Debug|x64.ActiveCfg = Debug|x64
		{A2A99C45-D181-482C-B1DD-EA0336F77CB8}.Debug|x64.Build.0 = Debug|x64
		{A2A99C45-D181-482C-B1DD-EA0336F77CB8}.Debug|x86.ActiveCfg = Debug|Win32
		{A2A99C45-D181-482C-B1DD-EA0336F77CB8}.Debug|x86.Build.0 = Debug|Win32
		{A2A99C45-D181-482C-B1DD-EA0336F77CB8}.Release|x64.ActiveCfg = Release|x64
		{A2A99C45-D181-482C-B1DD-EA0336F77CB8}.Release|x64.Build.0 = Release|x64
		{A2A99C45-D181-482C-B1DD-EA0336F77CB8}.Release|x86.ActiveCfg = Release|Win32
		{A2A99C45-D181-482C-B1DD-EA0336F77CB8}.Release|x86.Build.0 = Release|Win32
		{CA940438-EC36-431E-8B4F-982F55144093}.Debug|x64.ActiveCfg = Debug|x64
		{CA940438-EC36-431E-8B4F-982F55144093}.Debug|x64.Build.0 = Debug|x64
		{CA940438-EC36-431E-8B4F-982F55144093}.Debug|x86.ActiveCfg = Debug|Win32
		{CA940438-EC36-431E-8B4F-982F55144093}.Debug|x86.Build.0 = Debug|Win32
		{CA940438-EC36-431E-8B4F-982F55144093}.Release|x64.ActiveCfg = Release|x64
		{CA940438-EC36-431E-8B4F-982F55144093}.Release|x64.Build.0 = Release|x64
		{CA940438-EC36-431E-8B4F-982F55144093}.Release|x86.ActiveCfg = Release|Win32
		{CA940438-EC36-431E-8B4F-982F55144093}.Release|x86.Build.0 = Release|Win32
		{A311A495-A2E3-4170-8E79-DF1DB310BAF6}.Debug|x64.ActiveCfg = Debug|x64
		{A311A495-A2E3-4170-8E79-DF1DB310BAF6}.Debug|x64.Build.0 = Debug|x64
		{A311A495-A2E3-4170-8E79-DF1DB310BAF6}.Debug|x86.ActiveCfg = Debug|Win32
		{A311A495-A2E3-4170-8E79-DF1DB310BAF6}.Debug|x86.Build.0 = Debug|Win32
		{A311A495-A2E3-4170-8E79-DF1DB310BAF6}.Release|x64.ActiveCfg = Release|x64
		{A311A495-A2E3-4170-8E79-DF1DB310BAF6}.Release|x64.Build.0 = Release|x64
		{A311A495-A2E3-4170-8E79-DF1DB310BAF6}.Release|x86.ActiveCfg = Release|Win32
		{A311A495-A2E3-4170-8E79-DF1DB310BAF6}.Release|x86.Build.0 = Release|Win32
		{CD2D35E2-5E91-4844-B837-B8E7F861B2BC}.Debug|x64.ActiveCfg = Debug|x64
		{CD2D35E2-5E91-4844-B837-B8E7F861B2BC}.Debug|x64.Build.0 = Debug|x64
		{CD2D35E2-5E91-4844-B837-B8E7F861B2BC}.Debug|x86.ActiveCfg = Debug|Win32
		{CD2D35E2-5E91-4844-B837-B8E7F861B2BC}.Debug|x86.Build.0 = Debug|Win32
		{CD2D35E2-5E91-4844-B837-B8E7F861B2BC}.Release|x64.ActiveCfg = Release|x64
		{CD2D35E2-5E91-4844-B837-B8E7F861B2BC}.Release|x64.Build.0 = Release|x64
		{CD2D35E2-5E91-4844-B837-B8E7F861B2BC}.Release|x86.ActiveCfg = Release|Win32
		{CD2D35E2-5E91-4844-B837-B8E7F861B2BC}.Release|x86.Build.0 = Release|Win32
		{76E3C722-162F-47E3-9ABB-1284CA0C4EC3}.Debug|x64.ActiveCfg = Debug|x64
		{76E3C722-162F-47E3-9ABB-1284CA0C4EC3}.Debug|x64.Build.0 = Debug|x64
		{76E3C722-162F-47E3-9ABB-1284CA0C4EC3}.Debug|x86.ActiveCfg = Debug|Win32
		{76E3C722-162F-47E3-9ABB-1284CA0C4EC3}.Debug|x86.Build.0 = Debug|Win32
		{76E3C722-162F-47E3-9ABB-1284CA0C4EC3}.Release|x64.ActiveCfg = Release|x64
		{76E3C722-162F-47E3-9ABB-1284CA0C4EC3}.Release|x64.Build.0 = Release|x64
		{76E3C722-162F-47E3-9ABB-1284CA0C4EC3}.Release|x86.ActiveCfg = Release|Win32
		{76E3C722-162F-47E3-9ABB-1284CA0C4EC3}.Release|x86.Build.0 = Release|Win32
		{C293FB9E-4ABC-4EB6-95D2-11964B98ACDF}.Debug|x64.ActiveCfg = Debug|x64
		{C293FB9E-4ABC-4EB6-95D2-11964B98ACDF}.Debug|x64.Build.0 = Debug|x64
		{C293FB9E-4ABC-4EB6-95D2-11964B98ACDF}.Debug|x86.ActiveCfg = Debug|Win32
		{C293FB9E-4ABC-4EB6-95D2-11964B98ACDF}.Debug|x86.Build.0 = Debug|Win32
		{C293FB9E-4ABC-4EB6-95D2-11964B98ACDF}.Release|x64.ActiveCfg = Release|x64
		{C293FB9E-4ABC-4EB6-95D2-11964B98ACDF}.Release|x64.Build.0 = Release|x64
		{C293FB9E-4ABC-4EB6-95D2-11964B98ACDF}.Release|x86.ActiveCfg = Release|Win32
		{C293FB9E-4ABC-4EB6-95D2-11964B98ACDF}.Release|x86.Build.0 = Release|Win32
		{2C5A3FC6-EAA5-4A72-BB54-BF35CD8B334E}.Debug|x64.ActiveCfg = Debug|x64
		{2C5A3FC6-EAA5-4A72-BB54-BF35CD8B334E}.Debug|x64.Build.0 = Debug|x64
		{2C5A3FC6-EAA5-4A72-BB54-BF35CD8B334E}.Debug|x86.ActiveCfg = Debug|Win32
		{2C5A3FC6-EAA5-4A72-BB54-BF35CD8B334E}.Debug|x86.Build.0 = Debug|Win32
		{2C5A3FC6-EAA5-4A72-BB54-BF35CD8B334E}.Release|x64.ActiveCfg = Release|x64
		{2C5A3FC6-EAA5-4A72-BB54-BF35CD8B334E}.Release|x64.Build.0 = Release|x64
		{2C5A3FC6-EAA5-4A72-BB54-BF35CD8B334E}.Release|x86.ActiveCfg = Release|Win32
		{2C5A3FC6-EAA5-4A72-BB54-BF35CD8B334E}.Release|x86.Build.0 = Release|Win32
		{EC4BC813-368F-4B66-AA36-CF55D95541B2}.Debug|x64.ActiveCfg = Debug|x64
		{EC4BC813-368F-4B66-AA36-CF55D95541B2}.Debug|x64.Build.0 = Debug|x64
		{EC4BC813-368F-4B66-AA36-CF55D95541B2}.Debug|x86.ActiveCfg = Debug|Win32
		{EC4BC813-368F-4B66-AA36-CF55D95541B2}.Debug|x86.Build.0 = Debug|Win32
		{EC4BC813-368F-4B66-AA36-CF55D95541B2}.Release|x64.ActiveCfg = Release|x64
		{EC4BC813-368F-4B66-AA36-CF55D95541B2}.Release|x64.Build.0 = Release|x64
		{EC4BC813-368F-4B66-AA36-CF55D95541B2}.Release|x86.ActiveCfg = Release|Win32
		{EC4BC813-368F-4B66-AA36-CF55D95541B2}.Release|x86.Build.0 = Release|Win32
		{1042BE6B-403F-4D12-B8EF-80F5BD932F06}.Debug|x64.ActiveCfg = Debug|x64
		{1042BE6B-403F-4D12-B8EF-80F5BD932F06}.Debug|x64.Build.0 = Debug|x64
		{1042BE6B-403F-4D12-B8EF-80F5BD932F06}.Debug|x86.ActiveCfg = Debug|Win32
		{1042BE6B-403F-4D12-B8EF-80F5BD932F06}.Debug|x86.Build.0 = Debug|Win32
		{1042BE6B-403F-4D12-B8EF-80F5BD932F06}.Release|x64.ActiveCfg = Release|x64
		{1042BE6B-403F-4D12-B8EF-80F5BD932F06}.Release|x64.Build.0 = Release|x64
		{1042BE6B-403F-4D12-B8EF-80F5BD932F06}.Release|x86.ActiveCfg = Release|Win32
		{1042BE6B-403F-4D12-B8EF-80F5BD932F06}.Release|x86.Build.0 = Release|Win32
		{CF7382EC-004F-4AD0-98BF-2E90418D0523}.Debug|x64.ActiveCfg = Debug|x64
		{CF7382EC-004F-4AD0-98BF-2E90418D0523}.Debug|x64.Build.0 = Debug|x64
		{CF7382EC-004F-4AD0-98BF-2E90418D0523}.Debug|x86.ActiveCfg = Debug|Win32
		{CF7382EC-004F-4AD0-98BF-2E90418D0523}.Debug|x86.Build.0 = Debug|Win32
		{CF7382EC-004F-4AD0-98BF-2E90418D0523}.Release|x64.ActiveCfg = Release|x64
		{CF7382EC-004F-4AD0-98BF-2E90418D0523}.Release|x64.Build.0 = Release|x64
		{CF7382EC-004F-4AD0-98BF-2E90418D0523}.Release|x86.ActiveCfg = Release|Win32
		{CF7382EC-004F-4AD0-98BF-2E90418D0523}.Release|x86.Build.0 = Release|Win32
	EndGlobalSection
	GlobalSection(SolutionProperties) = preSolution
		HideSolutionNode = FALSE
	EndGlobalSection
	GlobalSection(ExtensibilityGlobals) = postSolution
		SolutionGuid = {3F4FE714-B9FE-45EA-BDEE-7F4E2E26F98E}
	EndGlobalSection
EndGlobal
