
Microsoft Visual Studio Solution File, Format Version 12.00
# Visual Studio Version 17
VisualStudioVersion = 17.14.36109.1
MinimumVisualStudioVersion = 10.0.40219.1
Project("{8BC9CEB8-8B4A-11D0-8D11-00A0C91BC942}") = "Fundamentals_CPP", "Fundamentals_CPP\Fundamentals_CPP.vcxproj", "{5C7707FD-4584-4E9C-8EA0-4F627B54B3CE}"
EndProject
Project("{8BC9CEB8-8B4A-11D0-8D11-00A0C91BC942}") = "ReverseBits", "ReverseBits\ReverseBits.vcxproj", "{71F68CE2-1DA0-4EAD-9AB7-DA0EC0DEB1AE}"
EndProject
Project("{8BC9CEB8-8B4A-11D0-8D11-00A0C91BC942}") = "NumberOf1Bits", "NumberOf1Bits\NumberOf1Bits.vcxproj", "{435B4472-091C-4828-90C4-C3C129F0DB3E}"
EndProject
Project("{8BC9CEB8-8B4A-11D0-8D11-00A0C91BC942}") = "HappyNumber", "HappyNumber\HappyNumber.vcxproj", "{7958C8C6-7465-4F6A-8C32-BA1FE994AA21}"
EndProject
Project("{8BC9CEB8-8B4A-11D0-8D11-00A0C91BC942}") = "DataStructures", "DataStructures\DataStructures.vcxproj", "{43850953-EDFC-4838-882D-CE3F94A9D2A0}"
EndProject
Project("{8BC9CEB8-8B4A-11D0-8D11-00A0C91BC942}") = "RemoveLinkedListElements", "RemoveLinkedListElements\RemoveLinkedListElements.vcxproj", "{50802DE8-A698-406A-95FC-9C7AEF7A4976}"
EndProject
Project("{8BC9CEB8-8B4A-11D0-8D11-00A0C91BC942}") = "IsomorphicStrings", "IsomorphicStrings\IsomorphicStrings.vcxproj", "{7A0CFB8D-0619-442F-B11D-48D6CF6763C2}"
EndProject
Project("{8BC9CEB8-8B4A-11D0-8D11-00A0C91BC942}") = "ReverseLinkedList", "ReverseLinkedList\ReverseLinkedList.vcxproj", "{96CB0EFB-9BB7-420F-9875-0C4B130EDE6C}"
EndProject
Project("{8BC9CEB8-8B4A-11D0-8D11-00A0C91BC942}") = "ContainsDuplicate", "ContainsDuplicate\ContainsDuplicate.vcxproj", "{42587747-A7D4-437D-930A-F4F09189FD57}"
EndProject
Project("{8BC9CEB8-8B4A-11D0-8D11-00A0C91BC942}") = "CountCompleteTreeNodes", "CountCompleteTreeNodes\CountCompleteTreeNodes.vcxproj", "{556C9373-C787-4D04-8AA4-3501226B2CE9}"
EndProject
Project("{8BC9CEB8-8B4A-11D0-8D11-00A0C91BC942}") = "ImplementAStackUsingQueue", "ImplementAStackUsingQueue\ImplementAStackUsingQueue.vcxproj", "{9029F80C-C884-4979-A625-73713AB3497E}"
EndProject
Project("{8BC9CEB8-8B4A-11D0-8D11-00A0C91BC942}") = "PowerOfTwo", "PowerOfTwo\PowerOfTwo.vcxproj", "{D426F906-ED44-46BC-9C43-8354D207FEC5}"
EndProject
Project("{8BC9CEB8-8B4A-11D0-8D11-00A0C91BC942}") = "InvertABinaryTree", "InvertABinaryTree\InvertABinaryTree.vcxproj", "{F80DE07C-4AFA-4049-837D-3E9F81DEFA92}"
EndProject
Project("{8BC9CEB8-8B4A-11D0-8D11-00A0C91BC942}") = "BestTimeToBuyAndSellStock", "BestTimeToBuyAndSellStock\BestTimeToBuyAndSellStock.vcxproj", "{9C70576E-635F-46E9-853C-FAE216BC4596}"
EndProject
Project("{8BC9CEB8-8B4A-11D0-8D11-00A0C91BC942}") = "SummaryRanges", "SummaryRanges\SummaryRanges.vcxproj", "{477DEFC0-E5D7-4C11-9806-06E498436B19}"
EndProject
Project("{8BC9CEB8-8B4A-11D0-8D11-00A0C91BC942}") = "ImplementQueueUsingStacks", "ImplementQueueUsingStacks\ImplementQueueUsingStacks.vcxproj", "{B7CEFE30-DB1B-4AC5-8EAB-4A3C1A2209A6}"
EndProject
Project("{8BC9CEB8-8B4A-11D0-8D11-00A0C91BC942}") = "PalindromeLinkedList", "PalindromeLinkedList\PalindromeLinkedList.vcxproj", "{69C6A606-C88E-4F7C-928D-6A9F62E799D1}"
EndProject
Project("{8BC9CEB8-8B4A-11D0-8D11-00A0C91BC942}") = "ValidAnagram", "ValidAnagram\ValidAnagram.vcxproj", "{2FBC6B23-F831-48CC-929A-7ED9A53FC865}"
EndProject
Project("{8BC9CEB8-8B4A-11D0-8D11-00A0C91BC942}") = "FindTheOriginalTypedString1", "FindTheOriginalTypedString1\FindTheOriginalTypedString1.vcxproj", "{B9A28FA9-B85D-472B-9BF6-9CAF516EC80E}"
EndProject
Project("{8BC9CEB8-8B4A-11D0-8D11-00A0C91BC942}") = "FindTheOriginalTypedString2", "FindTheOriginalTypedString2\FindTheOriginalTypedString2.vcxproj", "{2E4CCF36-5348-400A-93C9-9ADECFF1E4BC}"
EndProject
Project("{8BC9CEB8-8B4A-11D0-8D11-00A0C91BC942}") = "BinaryTreePaths", "BinaryTreePaths\BinaryTreePaths.vcxproj", "{56B9C456-6663-4F75-BDBD-22F8C376E0B7}"
EndProject
Project("{8BC9CEB8-8B4A-11D0-8D11-00A0C91BC942}") = "AddDigits", "AddDigits\AddDigits.vcxproj", "{6D027799-6A11-4430-B6E1-F7FA83BB798A}"
EndProject
Project("{8BC9CEB8-8B4A-11D0-8D11-00A0C91BC942}") = "FindTheKthChararcterInStringGame1", "FindTheKthChararcterInStringGame1\FindTheKthChararcterInStringGame1.vcxproj", "{0FE97D0A-4F2D-4FD0-BD0D-F1182AE676EF}"
EndProject
Global
	GlobalSection(SolutionConfigurationPlatforms) = preSolution
		Debug|x64 = Debug|x64
		Debug|x86 = Debug|x86
		Release|x64 = Release|x64
		Release|x86 = Release|x86
	EndGlobalSection
	GlobalSection(ProjectConfigurationPlatforms) = postSolution
		{5C7707FD-4584-4E9C-8EA0-4F627B54B3CE}.Debug|x64.ActiveCfg = Debug|x64
		{5C7707FD-4584-4E9C-8EA0-4F627B54B3CE}.Debug|x64.Build.0 = Debug|x64
		{5C7707FD-4584-4E9C-8EA0-4F627B54B3CE}.Debug|x86.ActiveCfg = Debug|Win32
		{5C7707FD-4584-4E9C-8EA0-4F627B54B3CE}.Debug|x86.Build.0 = Debug|Win32
		{5C7707FD-4584-4E9C-8EA0-4F627B54B3CE}.Release|x64.ActiveCfg = Release|x64
		{5C7707FD-4584-4E9C-8EA0-4F627B54B3CE}.Release|x64.Build.0 = Release|x64
		{5C7707FD-4584-4E9C-8EA0-4F627B54B3CE}.Release|x86.ActiveCfg = Release|Win32
		{5C7707FD-4584-4E9C-8EA0-4F627B54B3CE}.Release|x86.Build.0 = Release|Win32
		{71F68CE2-1DA0-4EAD-9AB7-DA0EC0DEB1AE}.Debug|x64.ActiveCfg = Debug|x64
		{71F68CE2-1DA0-4EAD-9AB7-DA0EC0DEB1AE}.Debug|x64.Build.0 = Debug|x64
		{71F68CE2-1DA0-4EAD-9AB7-DA0EC0DEB1AE}.Debug|x86.ActiveCfg = Debug|Win32
		{71F68CE2-1DA0-4EAD-9AB7-DA0EC0DEB1AE}.Debug|x86.Build.0 = Debug|Win32
		{71F68CE2-1DA0-4EAD-9AB7-DA0EC0DEB1AE}.Release|x64.ActiveCfg = Release|x64
		{71F68CE2-1DA0-4EAD-9AB7-DA0EC0DEB1AE}.Release|x64.Build.0 = Release|x64
		{71F68CE2-1DA0-4EAD-9AB7-DA0EC0DEB1AE}.Release|x86.ActiveCfg = Release|Win32
		{71F68CE2-1DA0-4EAD-9AB7-DA0EC0DEB1AE}.Release|x86.Build.0 = Release|Win32
		{435B4472-091C-4828-90C4-C3C129F0DB3E}.Debug|x64.ActiveCfg = Debug|x64
		{435B4472-091C-4828-90C4-C3C129F0DB3E}.Debug|x64.Build.0 = Debug|x64
		{435B4472-091C-4828-90C4-C3C129F0DB3E}.Debug|x86.ActiveCfg = Debug|Win32
		{435B4472-091C-4828-90C4-C3C129F0DB3E}.Debug|x86.Build.0 = Debug|Win32
		{435B4472-091C-4828-90C4-C3C129F0DB3E}.Release|x64.ActiveCfg = Release|x64
		{435B4472-091C-4828-90C4-C3C129F0DB3E}.Release|x64.Build.0 = Release|x64
		{435B4472-091C-4828-90C4-C3C129F0DB3E}.Release|x86.ActiveCfg = Release|Win32
		{435B4472-091C-4828-90C4-C3C129F0DB3E}.Release|x86.Build.0 = Release|Win32
		{7958C8C6-7465-4F6A-8C32-BA1FE994AA21}.Debug|x64.ActiveCfg = Debug|x64
		{7958C8C6-7465-4F6A-8C32-BA1FE994AA21}.Debug|x64.Build.0 = Debug|x64
		{7958C8C6-7465-4F6A-8C32-BA1FE994AA21}.Debug|x86.ActiveCfg = Debug|Win32
		{7958C8C6-7465-4F6A-8C32-BA1FE994AA21}.Debug|x86.Build.0 = Debug|Win32
		{7958C8C6-7465-4F6A-8C32-BA1FE994AA21}.Release|x64.ActiveCfg = Release|x64
		{7958C8C6-7465-4F6A-8C32-BA1FE994AA21}.Release|x64.Build.0 = Release|x64
		{7958C8C6-7465-4F6A-8C32-BA1FE994AA21}.Release|x86.ActiveCfg = Release|Win32
		{7958C8C6-7465-4F6A-8C32-BA1FE994AA21}.Release|x86.Build.0 = Release|Win32
		{43850953-EDFC-4838-882D-CE3F94A9D2A0}.Debug|x64.ActiveCfg = Debug|x64
		{43850953-EDFC-4838-882D-CE3F94A9D2A0}.Debug|x64.Build.0 = Debug|x64
		{43850953-EDFC-4838-882D-CE3F94A9D2A0}.Debug|x86.ActiveCfg = Debug|Win32
		{43850953-EDFC-4838-882D-CE3F94A9D2A0}.Debug|x86.Build.0 = Debug|Win32
		{43850953-EDFC-4838-882D-CE3F94A9D2A0}.Release|x64.ActiveCfg = Release|x64
		{43850953-EDFC-4838-882D-CE3F94A9D2A0}.Release|x64.Build.0 = Release|x64
		{43850953-EDFC-4838-882D-CE3F94A9D2A0}.Release|x86.ActiveCfg = Release|Win32
		{43850953-EDFC-4838-882D-CE3F94A9D2A0}.Release|x86.Build.0 = Release|Win32
		{50802DE8-A698-406A-95FC-9C7AEF7A4976}.Debug|x64.ActiveCfg = Debug|x64
		{50802DE8-A698-406A-95FC-9C7AEF7A4976}.Debug|x64.Build.0 = Debug|x64
		{50802DE8-A698-406A-95FC-9C7AEF7A4976}.Debug|x86.ActiveCfg = Debug|Win32
		{50802DE8-A698-406A-95FC-9C7AEF7A4976}.Debug|x86.Build.0 = Debug|Win32
		{50802DE8-A698-406A-95FC-9C7AEF7A4976}.Release|x64.ActiveCfg = Release|x64
		{50802DE8-A698-406A-95FC-9C7AEF7A4976}.Release|x64.Build.0 = Release|x64
		{50802DE8-A698-406A-95FC-9C7AEF7A4976}.Release|x86.ActiveCfg = Release|Win32
		{50802DE8-A698-406A-95FC-9C7AEF7A4976}.Release|x86.Build.0 = Release|Win32
		{7A0CFB8D-0619-442F-B11D-48D6CF6763C2}.Debug|x64.ActiveCfg = Debug|x64
		{7A0CFB8D-0619-442F-B11D-48D6CF6763C2}.Debug|x64.Build.0 = Debug|x64
		{7A0CFB8D-0619-442F-B11D-48D6CF6763C2}.Debug|x86.ActiveCfg = Debug|Win32
		{7A0CFB8D-0619-442F-B11D-48D6CF6763C2}.Debug|x86.Build.0 = Debug|Win32
		{7A0CFB8D-0619-442F-B11D-48D6CF6763C2}.Release|x64.ActiveCfg = Release|x64
		{7A0CFB8D-0619-442F-B11D-48D6CF6763C2}.Release|x64.Build.0 = Release|x64
		{7A0CFB8D-0619-442F-B11D-48D6CF6763C2}.Release|x86.ActiveCfg = Release|Win32
		{7A0CFB8D-0619-442F-B11D-48D6CF6763C2}.Release|x86.Build.0 = Release|Win32
		{96CB0EFB-9BB7-420F-9875-0C4B130EDE6C}.Debug|x64.ActiveCfg = Debug|x64
		{96CB0EFB-9BB7-420F-9875-0C4B130EDE6C}.Debug|x64.Build.0 = Debug|x64
		{96CB0EFB-9BB7-420F-9875-0C4B130EDE6C}.Debug|x86.ActiveCfg = Debug|Win32
		{96CB0EFB-9BB7-420F-9875-0C4B130EDE6C}.Debug|x86.Build.0 = Debug|Win32
		{96CB0EFB-9BB7-420F-9875-0C4B130EDE6C}.Release|x64.ActiveCfg = Release|x64
		{96CB0EFB-9BB7-420F-9875-0C4B130EDE6C}.Release|x64.Build.0 = Release|x64
		{96CB0EFB-9BB7-420F-9875-0C4B130EDE6C}.Release|x86.ActiveCfg = Release|Win32
		{96CB0EFB-9BB7-420F-9875-0C4B130EDE6C}.Release|x86.Build.0 = Release|Win32
		{42587747-A7D4-437D-930A-F4F09189FD57}.Debug|x64.ActiveCfg = Debug|x64
		{42587747-A7D4-437D-930A-F4F09189FD57}.Debug|x64.Build.0 = Debug|x64
		{42587747-A7D4-437D-930A-F4F09189FD57}.Debug|x86.ActiveCfg = Debug|Win32
		{42587747-A7D4-437D-930A-F4F09189FD57}.Debug|x86.Build.0 = Debug|Win32
		{42587747-A7D4-437D-930A-F4F09189FD57}.Release|x64.ActiveCfg = Release|x64
		{42587747-A7D4-437D-930A-F4F09189FD57}.Release|x64.Build.0 = Release|x64
		{42587747-A7D4-437D-930A-F4F09189FD57}.Release|x86.ActiveCfg = Release|Win32
		{42587747-A7D4-437D-930A-F4F09189FD57}.Release|x86.Build.0 = Release|Win32
		{556C9373-C787-4D04-8AA4-3501226B2CE9}.Debug|x64.ActiveCfg = Debug|x64
		{556C9373-C787-4D04-8AA4-3501226B2CE9}.Debug|x64.Build.0 = Debug|x64
		{556C9373-C787-4D04-8AA4-3501226B2CE9}.Debug|x86.ActiveCfg = Debug|Win32
		{556C9373-C787-4D04-8AA4-3501226B2CE9}.Debug|x86.Build.0 = Debug|Win32
		{556C9373-C787-4D04-8AA4-3501226B2CE9}.Release|x64.ActiveCfg = Release|x64
		{556C9373-C787-4D04-8AA4-3501226B2CE9}.Release|x64.Build.0 = Release|x64
		{556C9373-C787-4D04-8AA4-3501226B2CE9}.Release|x86.ActiveCfg = Release|Win32
		{556C9373-C787-4D04-8AA4-3501226B2CE9}.Release|x86.Build.0 = Release|Win32
		{9029F80C-C884-4979-A625-73713AB3497E}.Debug|x64.ActiveCfg = Debug|x64
		{9029F80C-C884-4979-A625-73713AB3497E}.Debug|x64.Build.0 = Debug|x64
		{9029F80C-C884-4979-A625-73713AB3497E}.Debug|x86.ActiveCfg = Debug|Win32
		{9029F80C-C884-4979-A625-73713AB3497E}.Debug|x86.Build.0 = Debug|Win32
		{9029F80C-C884-4979-A625-73713AB3497E}.Release|x64.ActiveCfg = Release|x64
		{9029F80C-C884-4979-A625-73713AB3497E}.Release|x64.Build.0 = Release|x64
		{9029F80C-C884-4979-A625-73713AB3497E}.Release|x86.ActiveCfg = Release|Win32
		{9029F80C-C884-4979-A625-73713AB3497E}.Release|x86.Build.0 = Release|Win32
		{D426F906-ED44-46BC-9C43-8354D207FEC5}.Debug|x64.ActiveCfg = Debug|x64
		{D426F906-ED44-46BC-9C43-8354D207FEC5}.Debug|x64.Build.0 = Debug|x64
		{D426F906-ED44-46BC-9C43-8354D207FEC5}.Debug|x86.ActiveCfg = Debug|Win32
		{D426F906-ED44-46BC-9C43-8354D207FEC5}.Debug|x86.Build.0 = Debug|Win32
		{D426F906-ED44-46BC-9C43-8354D207FEC5}.Release|x64.ActiveCfg = Release|x64
		{D426F906-ED44-46BC-9C43-8354D207FEC5}.Release|x64.Build.0 = Release|x64
		{D426F906-ED44-46BC-9C43-8354D207FEC5}.Release|x86.ActiveCfg = Release|Win32
		{D426F906-ED44-46BC-9C43-8354D207FEC5}.Release|x86.Build.0 = Release|Win32
		{F80DE07C-4AFA-4049-837D-3E9F81DEFA92}.Debug|x64.ActiveCfg = Debug|x64
		{F80DE07C-4AFA-4049-837D-3E9F81DEFA92}.Debug|x64.Build.0 = Debug|x64
		{F80DE07C-4AFA-4049-837D-3E9F81DEFA92}.Debug|x86.ActiveCfg = Debug|Win32
		{F80DE07C-4AFA-4049-837D-3E9F81DEFA92}.Debug|x86.Build.0 = Debug|Win32
		{F80DE07C-4AFA-4049-837D-3E9F81DEFA92}.Release|x64.ActiveCfg = Release|x64
		{F80DE07C-4AFA-4049-837D-3E9F81DEFA92}.Release|x64.Build.0 = Release|x64
		{F80DE07C-4AFA-4049-837D-3E9F81DEFA92}.Release|x86.ActiveCfg = Release|Win32
		{F80DE07C-4AFA-4049-837D-3E9F81DEFA92}.Release|x86.Build.0 = Release|Win32
		{9C70576E-635F-46E9-853C-FAE216BC4596}.Debug|x64.ActiveCfg = Debug|x64
		{9C70576E-635F-46E9-853C-FAE216BC4596}.Debug|x64.Build.0 = Debug|x64
		{9C70576E-635F-46E9-853C-FAE216BC4596}.Debug|x86.ActiveCfg = Debug|Win32
		{9C70576E-635F-46E9-853C-FAE216BC4596}.Debug|x86.Build.0 = Debug|Win32
		{9C70576E-635F-46E9-853C-FAE216BC4596}.Release|x64.ActiveCfg = Release|x64
		{9C70576E-635F-46E9-853C-FAE216BC4596}.Release|x64.Build.0 = Release|x64
		{9C70576E-635F-46E9-853C-FAE216BC4596}.Release|x86.ActiveCfg = Release|Win32
		{9C70576E-635F-46E9-853C-FAE216BC4596}.Release|x86.Build.0 = Release|Win32
		{477DEFC0-E5D7-4C11-9806-06E498436B19}.Debug|x64.ActiveCfg = Debug|x64
		{477DEFC0-E5D7-4C11-9806-06E498436B19}.Debug|x64.Build.0 = Debug|x64
		{477DEFC0-E5D7-4C11-9806-06E498436B19}.Debug|x86.ActiveCfg = Debug|Win32
		{477DEFC0-E5D7-4C11-9806-06E498436B19}.Debug|x86.Build.0 = Debug|Win32
		{477DEFC0-E5D7-4C11-9806-06E498436B19}.Release|x64.ActiveCfg = Release|x64
		{477DEFC0-E5D7-4C11-9806-06E498436B19}.Release|x64.Build.0 = Release|x64
		{477DEFC0-E5D7-4C11-9806-06E498436B19}.Release|x86.ActiveCfg = Release|Win32
		{477DEFC0-E5D7-4C11-9806-06E498436B19}.Release|x86.Build.0 = Release|Win32
		{B7CEFE30-DB1B-4AC5-8EAB-4A3C1A2209A6}.Debug|x64.ActiveCfg = Debug|x64
		{B7CEFE30-DB1B-4AC5-8EAB-4A3C1A2209A6}.Debug|x64.Build.0 = Debug|x64
		{B7CEFE30-DB1B-4AC5-8EAB-4A3C1A2209A6}.Debug|x86.ActiveCfg = Debug|Win32
		{B7CEFE30-DB1B-4AC5-8EAB-4A3C1A2209A6}.Debug|x86.Build.0 = Debug|Win32
		{B7CEFE30-DB1B-4AC5-8EAB-4A3C1A2209A6}.Release|x64.ActiveCfg = Release|x64
		{B7CEFE30-DB1B-4AC5-8EAB-4A3C1A2209A6}.Release|x64.Build.0 = Release|x64
		{B7CEFE30-DB1B-4AC5-8EAB-4A3C1A2209A6}.Release|x86.ActiveCfg = Release|Win32
		{B7CEFE30-DB1B-4AC5-8EAB-4A3C1A2209A6}.Release|x86.Build.0 = Release|Win32
		{69C6A606-C88E-4F7C-928D-6A9F62E799D1}.Debug|x64.ActiveCfg = Debug|x64
		{69C6A606-C88E-4F7C-928D-6A9F62E799D1}.Debug|x64.Build.0 = Debug|x64
		{69C6A606-C88E-4F7C-928D-6A9F62E799D1}.Debug|x86.ActiveCfg = Debug|Win32
		{69C6A606-C88E-4F7C-928D-6A9F62E799D1}.Debug|x86.Build.0 = Debug|Win32
		{69C6A606-C88E-4F7C-928D-6A9F62E799D1}.Release|x64.ActiveCfg = Release|x64
		{69C6A606-C88E-4F7C-928D-6A9F62E799D1}.Release|x64.Build.0 = Release|x64
		{69C6A606-C88E-4F7C-928D-6A9F62E799D1}.Release|x86.ActiveCfg = Release|Win32
		{69C6A606-C88E-4F7C-928D-6A9F62E799D1}.Release|x86.Build.0 = Release|Win32
		{2FBC6B23-F831-48CC-929A-7ED9A53FC865}.Debug|x64.ActiveCfg = Debug|x64
		{2FBC6B23-F831-48CC-929A-7ED9A53FC865}.Debug|x64.Build.0 = Debug|x64
		{2FBC6B23-F831-48CC-929A-7ED9A53FC865}.Debug|x86.ActiveCfg = Debug|Win32
		{2FBC6B23-F831-48CC-929A-7ED9A53FC865}.Debug|x86.Build.0 = Debug|Win32
		{2FBC6B23-F831-48CC-929A-7ED9A53FC865}.Release|x64.ActiveCfg = Release|x64
		{2FBC6B23-F831-48CC-929A-7ED9A53FC865}.Release|x64.Build.0 = Release|x64
		{2FBC6B23-F831-48CC-929A-7ED9A53FC865}.Release|x86.ActiveCfg = Release|Win32
		{2FBC6B23-F831-48CC-929A-7ED9A53FC865}.Release|x86.Build.0 = Release|Win32
		{B9A28FA9-B85D-472B-9BF6-9CAF516EC80E}.Debug|x64.ActiveCfg = Debug|x64
		{B9A28FA9-B85D-472B-9BF6-9CAF516EC80E}.Debug|x64.Build.0 = Debug|x64
		{B9A28FA9-B85D-472B-9BF6-9CAF516EC80E}.Debug|x86.ActiveCfg = Debug|Win32
		{B9A28FA9-B85D-472B-9BF6-9CAF516EC80E}.Debug|x86.Build.0 = Debug|Win32
		{B9A28FA9-B85D-472B-9BF6-9CAF516EC80E}.Release|x64.ActiveCfg = Release|x64
		{B9A28FA9-B85D-472B-9BF6-9CAF516EC80E}.Release|x64.Build.0 = Release|x64
		{B9A28FA9-B85D-472B-9BF6-9CAF516EC80E}.Release|x86.ActiveCfg = Release|Win32
		{B9A28FA9-B85D-472B-9BF6-9CAF516EC80E}.Release|x86.Build.0 = Release|Win32
		{2E4CCF36-5348-400A-93C9-9ADECFF1E4BC}.Debug|x64.ActiveCfg = Debug|x64
		{2E4CCF36-5348-400A-93C9-9ADECFF1E4BC}.Debug|x64.Build.0 = Debug|x64
		{2E4CCF36-5348-400A-93C9-9ADECFF1E4BC}.Debug|x86.ActiveCfg = Debug|Win32
		{2E4CCF36-5348-400A-93C9-9ADECFF1E4BC}.Debug|x86.Build.0 = Debug|Win32
		{2E4CCF36-5348-400A-93C9-9ADECFF1E4BC}.Release|x64.ActiveCfg = Release|x64
		{2E4CCF36-5348-400A-93C9-9ADECFF1E4BC}.Release|x64.Build.0 = Release|x64
		{2E4CCF36-5348-400A-93C9-9ADECFF1E4BC}.Release|x86.ActiveCfg = Release|Win32
		{2E4CCF36-5348-400A-93C9-9ADECFF1E4BC}.Release|x86.Build.0 = Release|Win32
		{56B9C456-6663-4F75-BDBD-22F8C376E0B7}.Debug|x64.ActiveCfg = Debug|x64
		{56B9C456-6663-4F75-BDBD-22F8C376E0B7}.Debug|x64.Build.0 = Debug|x64
		{56B9C456-6663-4F75-BDBD-22F8C376E0B7}.Debug|x86.ActiveCfg = Debug|Win32
		{56B9C456-6663-4F75-BDBD-22F8C376E0B7}.Debug|x86.Build.0 = Debug|Win32
		{56B9C456-6663-4F75-BDBD-22F8C376E0B7}.Release|x64.ActiveCfg = Release|x64
		{56B9C456-6663-4F75-BDBD-22F8C376E0B7}.Release|x64.Build.0 = Release|x64
		{56B9C456-6663-4F75-BDBD-22F8C376E0B7}.Release|x86.ActiveCfg = Release|Win32
		{56B9C456-6663-4F75-BDBD-22F8C376E0B7}.Release|x86.Build.0 = Release|Win32
		{6D027799-6A11-4430-B6E1-F7FA83BB798A}.Debug|x64.ActiveCfg = Debug|x64
		{6D027799-6A11-4430-B6E1-F7FA83BB798A}.Debug|x64.Build.0 = Debug|x64
		{6D027799-6A11-4430-B6E1-F7FA83BB798A}.Debug|x86.ActiveCfg = Debug|Win32
		{6D027799-6A11-4430-B6E1-F7FA83BB798A}.Debug|x86.Build.0 = Debug|Win32
		{6D027799-6A11-4430-B6E1-F7FA83BB798A}.Release|x64.ActiveCfg = Release|x64
		{6D027799-6A11-4430-B6E1-F7FA83BB798A}.Release|x64.Build.0 = Release|x64
		{6D027799-6A11-4430-B6E1-F7FA83BB798A}.Release|x86.ActiveCfg = Release|Win32
		{6D027799-6A11-4430-B6E1-F7FA83BB798A}.Release|x86.Build.0 = Release|Win32
		{0FE97D0A-4F2D-4FD0-BD0D-F1182AE676EF}.Debug|x64.ActiveCfg = Debug|x64
		{0FE97D0A-4F2D-4FD0-BD0D-F1182AE676EF}.Debug|x64.Build.0 = Debug|x64
		{0FE97D0A-4F2D-4FD0-BD0D-F1182AE676EF}.Debug|x86.ActiveCfg = Debug|Win32
		{0FE97D0A-4F2D-4FD0-BD0D-F1182AE676EF}.Debug|x86.Build.0 = Debug|Win32
		{0FE97D0A-4F2D-4FD0-BD0D-F1182AE676EF}.Release|x64.ActiveCfg = Release|x64
		{0FE97D0A-4F2D-4FD0-BD0D-F1182AE676EF}.Release|x64.Build.0 = Release|x64
		{0FE97D0A-4F2D-4FD0-BD0D-F1182AE676EF}.Release|x86.ActiveCfg = Release|Win32
		{0FE97D0A-4F2D-4FD0-BD0D-F1182AE676EF}.Release|x86.Build.0 = Release|Win32
	EndGlobalSection
	GlobalSection(SolutionProperties) = preSolution
		HideSolutionNode = FALSE
	EndGlobalSection
	GlobalSection(ExtensibilityGlobals) = postSolution
		SolutionGuid = {3F4FE714-B9FE-45EA-BDEE-7F4E2E26F98E}
	EndGlobalSection
EndGlobal
